Microsoft Visual Studio Solution File, Format Version 9.00
# Visual Studio 2005
Project("{8BC9CEB8-8B4A-11D0-8D11-00A0C91BC942}") = "ResourceManager", "ResourceManager\ResourceManager.vcproj", "{5A033AF4-3B80-47CA-AA32-03321B1C2BA1}"
EndProject
Project("{8BC9CEB8-8B4A-11D0-8D11-00A0C91BC942}") = "Graphic", "Graphic\Graphic.vcproj", "{21B5A7E9-1245-42A6-928E-85D105B6979A}"
EndProject
Project("{8BC9CEB8-8B4A-11D0-8D11-00A0C91BC942}") = "Server", "Server\Server.vcproj", "{30BD4A50-0FE7-44D0-B189-E53262EDD629}"
	ProjectSection(ProjectDependencies) = postProject
		{B2046599-2EC1-43A8-A56C-C15762694107} = {B2046599-2EC1-43A8-A56C-C15762694107}
	EndProjectSection
EndProject
Project("{8BC9CEB8-8B4A-11D0-8D11-00A0C91BC942}") = "Client", "Client\Client.vcproj", "{69E5F059-9ABC-4856-A7BA-66DBCB3C94BB}"
	ProjectSection(ProjectDependencies) = postProject
		{0C4AC522-22A4-4CAD-8948-7D30A5C9DB8B} = {0C4AC522-22A4-4CAD-8948-7D30A5C9DB8B}
		{A0694897-C251-4164-8850-E469AFD8CFD0} = {A0694897-C251-4164-8850-E469AFD8CFD0}
		{21B5A7E9-1245-42A6-928E-85D105B6979A} = {21B5A7E9-1245-42A6-928E-85D105B6979A}
	EndProjectSection
EndProject
Project("{8BC9CEB8-8B4A-11D0-8D11-00A0C91BC942}") = "main", "Main\main.vcproj", "{BB37DC6E-39E6-45B0-B53C-8FC17A216729}"
	ProjectSection(ProjectDependencies) = postProject
		{0C4AC522-22A4-4CAD-8948-7D30A5C9DB8B} = {0C4AC522-22A4-4CAD-8948-7D30A5C9DB8B}
		{8E214746-0DF0-4F03-A995-0000DAB9F83E} = {8E214746-0DF0-4F03-A995-0000DAB9F83E}
		{30BD4A50-0FE7-44D0-B189-E53262EDD629} = {30BD4A50-0FE7-44D0-B189-E53262EDD629}
		{69E5F059-9ABC-4856-A7BA-66DBCB3C94BB} = {69E5F059-9ABC-4856-A7BA-66DBCB3C94BB}
		{245CE56D-6CCA-4EF8-B00E-57E4A0BEDCF4} = {245CE56D-6CCA-4EF8-B00E-57E4A0BEDCF4}
		{22EAED85-C84F-4E9D-91B4-A0C21BC409C5} = {22EAED85-C84F-4E9D-91B4-A0C21BC409C5}
		{A0694897-C251-4164-8850-E469AFD8CFD0} = {A0694897-C251-4164-8850-E469AFD8CFD0}
		{B2046599-2EC1-43A8-A56C-C15762694107} = {B2046599-2EC1-43A8-A56C-C15762694107}
		{89F98BB1-6942-4ADF-A501-0C730D4CBFD9} = {89F98BB1-6942-4ADF-A501-0C730D4CBFD9}
		{2A0850C5-213C-458D-95B6-42015F3817E9} = {2A0850C5-213C-458D-95B6-42015F3817E9}
		{C7F82DD5-56A4-43A5-82BB-74FCB8D3FBC0} = {C7F82DD5-56A4-43A5-82BB-74FCB8D3FBC0}
		{21B5A7E9-1245-42A6-928E-85D105B6979A} = {21B5A7E9-1245-42A6-928E-85D105B6979A}
		{5A033AF4-3B80-47CA-AA32-03321B1C2BA1} = {5A033AF4-3B80-47CA-AA32-03321B1C2BA1}
	EndProjectSection
EndProject
Project("{8BC9CEB8-8B4A-11D0-8D11-00A0C91BC942}") = "Globals", "Globals\Globals.vcproj", "{0C4AC522-22A4-4CAD-8948-7D30A5C9DB8B}"
EndProject
Project("{8BC9CEB8-8B4A-11D0-8D11-00A0C91BC942}") = "GraphicTest", "GraphicTest\GraphicTest.vcproj", "{35EE7E6C-DAEF-43B3-88D3-8554209D136F}"
	ProjectSection(ProjectDependencies) = postProject
		{0C4AC522-22A4-4CAD-8948-7D30A5C9DB8B} = {0C4AC522-22A4-4CAD-8948-7D30A5C9DB8B}
		{69E5F059-9ABC-4856-A7BA-66DBCB3C94BB} = {69E5F059-9ABC-4856-A7BA-66DBCB3C94BB}
		{245CE56D-6CCA-4EF8-B00E-57E4A0BEDCF4} = {245CE56D-6CCA-4EF8-B00E-57E4A0BEDCF4}
		{A0694897-C251-4164-8850-E469AFD8CFD0} = {A0694897-C251-4164-8850-E469AFD8CFD0}
		{B2046599-2EC1-43A8-A56C-C15762694107} = {B2046599-2EC1-43A8-A56C-C15762694107}
		{21B5A7E9-1245-42A6-928E-85D105B6979A} = {21B5A7E9-1245-42A6-928E-85D105B6979A}
		{5A033AF4-3B80-47CA-AA32-03321B1C2BA1} = {5A033AF4-3B80-47CA-AA32-03321B1C2BA1}
	EndProjectSection
EndProject
Project("{8BC9CEB8-8B4A-11D0-8D11-00A0C91BC942}") = "Physics", "Physics\Physics.vcproj", "{B2046599-2EC1-43A8-A56C-C15762694107}"
	ProjectSection(ProjectDependencies) = postProject
		{0C4AC522-22A4-4CAD-8948-7D30A5C9DB8B} = {0C4AC522-22A4-4CAD-8948-7D30A5C9DB8B}
	EndProjectSection
EndProject
Project("{8BC9CEB8-8B4A-11D0-8D11-00A0C91BC942}") = "GraphicObjects", "GraphicObjects\GraphicObjects.vcproj", "{A0694897-C251-4164-8850-E469AFD8CFD0}"
EndProject
Project("{8BC9CEB8-8B4A-11D0-8D11-00A0C91BC942}") = "TerrainGenerator", "TerrainGenerator\TerrainGenerator.vcproj", "{6934361A-11CF-4E57-98DB-69A72B58D92C}"
	ProjectSection(ProjectDependencies) = postProject
		{0C4AC522-22A4-4CAD-8948-7D30A5C9DB8B} = {0C4AC522-22A4-4CAD-8948-7D30A5C9DB8B}
		{245CE56D-6CCA-4EF8-B00E-57E4A0BEDCF4} = {245CE56D-6CCA-4EF8-B00E-57E4A0BEDCF4}
	EndProjectSection
EndProject
Project("{8BC9CEB8-8B4A-11D0-8D11-00A0C91BC942}") = "ScriptInterpreter", "ScriptInterpreter\ScriptInterpreter.vcproj", "{245CE56D-6CCA-4EF8-B00E-57E4A0BEDCF4}"
EndProject
Project("{8BC9CEB8-8B4A-11D0-8D11-00A0C91BC942}") = "LODGenerator", "LODGenerator\LODGenerator.vcproj", "{BAA2ADC4-1909-4F83-B34B-5B4B8D97D246}"
EndProject
Project("{8BC9CEB8-8B4A-11D0-8D11-00A0C91BC942}") = "MapEditor", "MapEditor\MapEditor.vcproj", "{2E31EC57-694E-4FA6-B999-39692AF4A6FB}"
	ProjectSection(ProjectDependencies) = postProject
		{0C4AC522-22A4-4CAD-8948-7D30A5C9DB8B} = {0C4AC522-22A4-4CAD-8948-7D30A5C9DB8B}
		{89F98BB1-6942-4ADF-A501-0C730D4CBFD9} = {89F98BB1-6942-4ADF-A501-0C730D4CBFD9}
		{5A033AF4-3B80-47CA-AA32-03321B1C2BA1} = {5A033AF4-3B80-47CA-AA32-03321B1C2BA1}
	EndProjectSection
EndProject
Project("{8BC9CEB8-8B4A-11D0-8D11-00A0C91BC942}") = "ModelMaker", "ModelMaker\ModelMaker.vcproj", "{50518964-9DB5-4E3F-9A79-5F323988ED9F}"
EndProject
Project("{8BC9CEB8-8B4A-11D0-8D11-00A0C91BC942}") = "BBModeler", "BBModeler\BBModeler.vcproj", "{DCD894A4-6946-4FD8-8314-89F5F587E7E3}"
	ProjectSection(ProjectDependencies) = postProject
		{A0694897-C251-4164-8850-E469AFD8CFD0} = {A0694897-C251-4164-8850-E469AFD8CFD0}
	EndProjectSection
EndProject
Project("{8BC9CEB8-8B4A-11D0-8D11-00A0C91BC942}") = "BBParser", "BBParser\BBParser.vcproj", "{955B89E5-F075-4CA6-9E6F-CA28E2B62D08}"
EndProject
Project("{8BC9CEB8-8B4A-11D0-8D11-00A0C91BC942}") = "RMTest", "RMTest\RMTest.vcproj", "{74EDF325-5F7C-459E-8B36-AAF985D206A2}"
	ProjectSection(ProjectDependencies) = postProject
		{0C4AC522-22A4-4CAD-8948-7D30A5C9DB8B} = {0C4AC522-22A4-4CAD-8948-7D30A5C9DB8B}
		{5A033AF4-3B80-47CA-AA32-03321B1C2BA1} = {5A033AF4-3B80-47CA-AA32-03321B1C2BA1}
	EndProjectSection
EndProject
Project("{2150E333-8FDC-42A3-9474-1A3956D46DE8}") = "Solution Items", "Solution Items", "{EADE5D33-689F-493A-AB3C-1138F90AD364}"
	ProjectSection(SolutionItems) = preProject
		download.htm = download.htm
		Notes.htm = Notes.htm
		Projects.htm = Projects.htm
		ToDo List.htm = ToDo List.htm
		updates.htm = updates.htm
	EndProjectSection
EndProject
Project("{8BC9CEB8-8B4A-11D0-8D11-00A0C91BC942}") = "AI", "AI\AI.vcproj", "{22EAED85-C84F-4E9D-91B4-A0C21BC409C5}"
EndProject
Project("{54435603-DBB4-11D2-8724-00A0C9A8B90C}") = "SetupWizard", "SetupWizard\SetupWizard.vdproj", "{6DDF179F-6BA5-4876-A862-2913D2166293}"
EndProject
Project("{8BC9CEB8-8B4A-11D0-8D11-00A0C91BC942}") = "GameMods", "GameMods\GameMods.vcproj", "{89F98BB1-6942-4ADF-A501-0C730D4CBFD9}"
	ProjectSection(ProjectDependencies) = postProject
		{0C4AC522-22A4-4CAD-8948-7D30A5C9DB8B} = {0C4AC522-22A4-4CAD-8948-7D30A5C9DB8B}
		{C7F82DD5-56A4-43A5-82BB-74FCB8D3FBC0} = {C7F82DD5-56A4-43A5-82BB-74FCB8D3FBC0}
	EndProjectSection
EndProject
Project("{2150E333-8FDC-42A3-9474-1A3956D46DE8}") = "Game Modules", "Game Modules", "{B98C0FDD-35AC-4900-8BC7-88644FD76209}"
EndProject
Project("{8BC9CEB8-8B4A-11D0-8D11-00A0C91BC942}") = "Soccer", "MODs\Soccer\Soccer.vcproj", "{2A0850C5-213C-458D-95B6-42015F3817E9}"
	ProjectSection(ProjectDependencies) = postProject
		{0C4AC522-22A4-4CAD-8948-7D30A5C9DB8B} = {0C4AC522-22A4-4CAD-8948-7D30A5C9DB8B}
		{A0694897-C251-4164-8850-E469AFD8CFD0} = {A0694897-C251-4164-8850-E469AFD8CFD0}
		{B2046599-2EC1-43A8-A56C-C15762694107} = {B2046599-2EC1-43A8-A56C-C15762694107}
		{89F98BB1-6942-4ADF-A501-0C730D4CBFD9} = {89F98BB1-6942-4ADF-A501-0C730D4CBFD9}
		{21B5A7E9-1245-42A6-928E-85D105B6979A} = {21B5A7E9-1245-42A6-928E-85D105B6979A}
		{5A033AF4-3B80-47CA-AA32-03321B1C2BA1} = {5A033AF4-3B80-47CA-AA32-03321B1C2BA1}
	EndProjectSection
EndProject
Project("{8BC9CEB8-8B4A-11D0-8D11-00A0C91BC942}") = "FreeRide", "MODs\FreeRide\FreeRide.vcproj", "{8E214746-0DF0-4F03-A995-0000DAB9F83E}"
	ProjectSection(ProjectDependencies) = postProject
		{0C4AC522-22A4-4CAD-8948-7D30A5C9DB8B} = {0C4AC522-22A4-4CAD-8948-7D30A5C9DB8B}
		{69E5F059-9ABC-4856-A7BA-66DBCB3C94BB} = {69E5F059-9ABC-4856-A7BA-66DBCB3C94BB}
		{89F98BB1-6942-4ADF-A501-0C730D4CBFD9} = {89F98BB1-6942-4ADF-A501-0C730D4CBFD9}
		{5A033AF4-3B80-47CA-AA32-03321B1C2BA1} = {5A033AF4-3B80-47CA-AA32-03321B1C2BA1}
	EndProjectSection
EndProject
Project("{8BC9CEB8-8B4A-11D0-8D11-00A0C91BC942}") = "Racer", "MODs\Racer\Racer.vcproj", "{B97595FB-1C2F-405F-9D06-4C962D180C2B}"
	ProjectSection(ProjectDependencies) = postProject
		{89F98BB1-6942-4ADF-A501-0C730D4CBFD9} = {89F98BB1-6942-4ADF-A501-0C730D4CBFD9}
	EndProjectSection
EndProject
Project("{8BC9CEB8-8B4A-11D0-8D11-00A0C91BC942}") = "Network", "Network\Network.vcproj", "{C7F82DD5-56A4-43A5-82BB-74FCB8D3FBC0}"
	ProjectSection(ProjectDependencies) = postProject
		{0C4AC522-22A4-4CAD-8948-7D30A5C9DB8B} = {0C4AC522-22A4-4CAD-8948-7D30A5C9DB8B}
	EndProjectSection
EndProject
Global
	GlobalSection(SolutionConfigurationPlatforms) = preSolution
		BBModeler Debug|Win32 = BBModeler Debug|Win32
		BBModeler Release|Win32 = BBModeler Release|Win32
		Debug + Soccer|Win32 = Debug + Soccer|Win32
		Debug|Win32 = Debug|Win32
		GraphicTest Debug|Win32 = GraphicTest Debug|Win32
		GraphicTest Release|Win32 = GraphicTest Release|Win32
		LODGenerator Debug|Win32 = LODGenerator Debug|Win32
		LODGenerator Release|Win32 = LODGenerator Release|Win32
		Main Debug|Win32 = Main Debug|Win32
		Main Release|Win32 = Main Release|Win32
		MapEditor Debug|Win32 = MapEditor Debug|Win32
		MapEditor Release|Win32 = MapEditor Release|Win32
		Release + Soccer|Win32 = Release + Soccer|Win32
		Release|Win32 = Release|Win32
		RMTest Debug|Win32 = RMTest Debug|Win32
		RMTest|Win32 = RMTest|Win32
		ScriptInterpreter Debug|Win32 = ScriptInterpreter Debug|Win32
		ScriptInterpreter Release|Win32 = ScriptInterpreter Release|Win32
		TerrainGenerator Debug|Win32 = TerrainGenerator Debug|Win32
		TerrainGenerator Release|Win32 = TerrainGenerator Release|Win32
	EndGlobalSection
	GlobalSection(ProjectConfigurationPlatforms) = postSolution
		{5A033AF4-3B80-47CA-AA32-03321B1C2BA1}.BBModeler Debug|Win32.ActiveCfg = Debug|Win32
		{5A033AF4-3B80-47CA-AA32-03321B1C2BA1}.BBModeler Debug|Win32.Build.0 = Debug|Win32
		{5A033AF4-3B80-47CA-AA32-03321B1C2BA1}.BBModeler Release|Win32.ActiveCfg = Debug|Win32
		{5A033AF4-3B80-47CA-AA32-03321B1C2BA1}.BBModeler Release|Win32.Build.0 = Debug|Win32
		{5A033AF4-3B80-47CA-AA32-03321B1C2BA1}.Debug + Soccer|Win32.ActiveCfg = Debug|Win32
		{5A033AF4-3B80-47CA-AA32-03321B1C2BA1}.Debug + Soccer|Win32.Build.0 = Debug|Win32
		{5A033AF4-3B80-47CA-AA32-03321B1C2BA1}.Debug|Win32.ActiveCfg = Debug|Win32
		{5A033AF4-3B80-47CA-AA32-03321B1C2BA1}.Debug|Win32.Build.0 = Debug|Win32
		{5A033AF4-3B80-47CA-AA32-03321B1C2BA1}.GraphicTest Debug|Win32.ActiveCfg = Debug|Win32
		{5A033AF4-3B80-47CA-AA32-03321B1C2BA1}.GraphicTest Debug|Win32.Build.0 = Debug|Win32
		{5A033AF4-3B80-47CA-AA32-03321B1C2BA1}.GraphicTest Release|Win32.ActiveCfg = Release|Win32
		{5A033AF4-3B80-47CA-AA32-03321B1C2BA1}.GraphicTest Release|Win32.Build.0 = Release|Win32
		{5A033AF4-3B80-47CA-AA32-03321B1C2BA1}.LODGenerator Debug|Win32.ActiveCfg = Debug|Win32
		{5A033AF4-3B80-47CA-AA32-03321B1C2BA1}.LODGenerator Release|Win32.ActiveCfg = Debug|Win32
		{5A033AF4-3B80-47CA-AA32-03321B1C2BA1}.Main Debug|Win32.ActiveCfg = Debug|Win32
		{5A033AF4-3B80-47CA-AA32-03321B1C2BA1}.Main Debug|Win32.Build.0 = Debug|Win32
		{5A033AF4-3B80-47CA-AA32-03321B1C2BA1}.Main Release|Win32.ActiveCfg = Release|Win32
		{5A033AF4-3B80-47CA-AA32-03321B1C2BA1}.Main Release|Win32.Build.0 = Release|Win32
		{5A033AF4-3B80-47CA-AA32-03321B1C2BA1}.MapEditor Debug|Win32.ActiveCfg = Debug|Win32
		{5A033AF4-3B80-47CA-AA32-03321B1C2BA1}.MapEditor Debug|Win32.Build.0 = Debug|Win32
		{5A033AF4-3B80-47CA-AA32-03321B1C2BA1}.MapEditor Release|Win32.ActiveCfg = Release|Win32
		{5A033AF4-3B80-47CA-AA32-03321B1C2BA1}.MapEditor Release|Win32.Build.0 = Release|Win32
		{5A033AF4-3B80-47CA-AA32-03321B1C2BA1}.Release + Soccer|Win32.ActiveCfg = Release|Win32
		{5A033AF4-3B80-47CA-AA32-03321B1C2BA1}.Release + Soccer|Win32.Build.0 = Release|Win32
		{5A033AF4-3B80-47CA-AA32-03321B1C2BA1}.Release|Win32.ActiveCfg = Release|Win32
		{5A033AF4-3B80-47CA-AA32-03321B1C2BA1}.Release|Win32.Build.0 = Release|Win32
		{5A033AF4-3B80-47CA-AA32-03321B1C2BA1}.RMTest Debug|Win32.ActiveCfg = Debug|Win32
		{5A033AF4-3B80-47CA-AA32-03321B1C2BA1}.RMTest Debug|Win32.Build.0 = Debug|Win32
		{5A033AF4-3B80-47CA-AA32-03321B1C2BA1}.RMTest|Win32.ActiveCfg = RMTest|Win32
		{5A033AF4-3B80-47CA-AA32-03321B1C2BA1}.RMTest|Win32.Build.0 = RMTest|Win32
		{5A033AF4-3B80-47CA-AA32-03321B1C2BA1}.ScriptInterpreter Debug|Win32.ActiveCfg = Debug|Win32
		{5A033AF4-3B80-47CA-AA32-03321B1C2BA1}.ScriptInterpreter Release|Win32.ActiveCfg = Debug|Win32
		{5A033AF4-3B80-47CA-AA32-03321B1C2BA1}.TerrainGenerator Debug|Win32.ActiveCfg = Debug|Win32
		{5A033AF4-3B80-47CA-AA32-03321B1C2BA1}.TerrainGenerator Release|Win32.ActiveCfg = Debug|Win32
		{21B5A7E9-1245-42A6-928E-85D105B6979A}.BBModeler Debug|Win32.ActiveCfg = Debug|Win32
		{21B5A7E9-1245-42A6-928E-85D105B6979A}.BBModeler Debug|Win32.Build.0 = Debug|Win32
		{21B5A7E9-1245-42A6-928E-85D105B6979A}.BBModeler Release|Win32.ActiveCfg = Debug|Win32
		{21B5A7E9-1245-42A6-928E-85D105B6979A}.BBModeler Release|Win32.Build.0 = Debug|Win32
		{21B5A7E9-1245-42A6-928E-85D105B6979A}.Debug + Soccer|Win32.ActiveCfg = Debug|Win32
		{21B5A7E9-1245-42A6-928E-85D105B6979A}.Debug + Soccer|Win32.Build.0 = Debug|Win32
		{21B5A7E9-1245-42A6-928E-85D105B6979A}.Debug|Win32.ActiveCfg = Debug|Win32
		{21B5A7E9-1245-42A6-928E-85D105B6979A}.Debug|Win32.Build.0 = Debug|Win32
		{21B5A7E9-1245-42A6-928E-85D105B6979A}.GraphicTest Debug|Win32.ActiveCfg = Debug|Win32
		{21B5A7E9-1245-42A6-928E-85D105B6979A}.GraphicTest Debug|Win32.Build.0 = Debug|Win32
		{21B5A7E9-1245-42A6-928E-85D105B6979A}.GraphicTest Release|Win32.ActiveCfg = Release|Win32
		{21B5A7E9-1245-42A6-928E-85D105B6979A}.GraphicTest Release|Win32.Build.0 = Release|Win32
		{21B5A7E9-1245-42A6-928E-85D105B6979A}.LODGenerator Debug|Win32.ActiveCfg = Debug|Win32
		{21B5A7E9-1245-42A6-928E-85D105B6979A}.LODGenerator Release|Win32.ActiveCfg = Debug|Win32
		{21B5A7E9-1245-42A6-928E-85D105B6979A}.Main Debug|Win32.ActiveCfg = Debug|Win32
		{21B5A7E9-1245-42A6-928E-85D105B6979A}.Main Debug|Win32.Build.0 = Debug|Win32
		{21B5A7E9-1245-42A6-928E-85D105B6979A}.Main Release|Win32.ActiveCfg = Release|Win32
		{21B5A7E9-1245-42A6-928E-85D105B6979A}.Main Release|Win32.Build.0 = Release|Win32
		{21B5A7E9-1245-42A6-928E-85D105B6979A}.MapEditor Debug|Win32.ActiveCfg = Debug|Win32
		{21B5A7E9-1245-42A6-928E-85D105B6979A}.MapEditor Release|Win32.ActiveCfg = Release|Win32
		{21B5A7E9-1245-42A6-928E-85D105B6979A}.Release + Soccer|Win32.ActiveCfg = Release|Win32
		{21B5A7E9-1245-42A6-928E-85D105B6979A}.Release + Soccer|Win32.Build.0 = Release|Win32
		{21B5A7E9-1245-42A6-928E-85D105B6979A}.Release|Win32.ActiveCfg = Release|Win32
		{21B5A7E9-1245-42A6-928E-85D105B6979A}.Release|Win32.Build.0 = Release|Win32
		{21B5A7E9-1245-42A6-928E-85D105B6979A}.RMTest Debug|Win32.ActiveCfg = Debug|Win32
		{21B5A7E9-1245-42A6-928E-85D105B6979A}.RMTest|Win32.ActiveCfg = Release|Win32
		{21B5A7E9-1245-42A6-928E-85D105B6979A}.ScriptInterpreter Debug|Win32.ActiveCfg = Debug|Win32
		{21B5A7E9-1245-42A6-928E-85D105B6979A}.ScriptInterpreter Release|Win32.ActiveCfg = Debug|Win32
		{21B5A7E9-1245-42A6-928E-85D105B6979A}.TerrainGenerator Debug|Win32.ActiveCfg = Debug|Win32
		{21B5A7E9-1245-42A6-928E-85D105B6979A}.TerrainGenerator Release|Win32.ActiveCfg = Debug|Win32
		{30BD4A50-0FE7-44D0-B189-E53262EDD629}.BBModeler Debug|Win32.ActiveCfg = Debug|Win32
		{30BD4A50-0FE7-44D0-B189-E53262EDD629}.BBModeler Release|Win32.ActiveCfg = Debug|Win32
		{30BD4A50-0FE7-44D0-B189-E53262EDD629}.Debug + Soccer|Win32.ActiveCfg = Debug|Win32
		{30BD4A50-0FE7-44D0-B189-E53262EDD629}.Debug + Soccer|Win32.Build.0 = Debug|Win32
		{30BD4A50-0FE7-44D0-B189-E53262EDD629}.Debug|Win32.ActiveCfg = Debug|Win32
		{30BD4A50-0FE7-44D0-B189-E53262EDD629}.Debug|Win32.Build.0 = Debug|Win32
		{30BD4A50-0FE7-44D0-B189-E53262EDD629}.GraphicTest Debug|Win32.ActiveCfg = Debug|Win32
		{30BD4A50-0FE7-44D0-B189-E53262EDD629}.GraphicTest Debug|Win32.Build.0 = Debug|Win32
		{30BD4A50-0FE7-44D0-B189-E53262EDD629}.GraphicTest Release|Win32.ActiveCfg = Release|Win32
		{30BD4A50-0FE7-44D0-B189-E53262EDD629}.GraphicTest Release|Win32.Build.0 = Release|Win32
		{30BD4A50-0FE7-44D0-B189-E53262EDD629}.LODGenerator Debug|Win32.ActiveCfg = Debug|Win32
		{30BD4A50-0FE7-44D0-B189-E53262EDD629}.LODGenerator Release|Win32.ActiveCfg = Debug|Win32
		{30BD4A50-0FE7-44D0-B189-E53262EDD629}.Main Debug|Win32.ActiveCfg = Debug|Win32
		{30BD4A50-0FE7-44D0-B189-E53262EDD629}.Main Debug|Win32.Build.0 = Debug|Win32
		{30BD4A50-0FE7-44D0-B189-E53262EDD629}.Main Release|Win32.ActiveCfg = Release|Win32
		{30BD4A50-0FE7-44D0-B189-E53262EDD629}.Main Release|Win32.Build.0 = Release|Win32
		{30BD4A50-0FE7-44D0-B189-E53262EDD629}.MapEditor Debug|Win32.ActiveCfg = Debug|Win32
		{30BD4A50-0FE7-44D0-B189-E53262EDD629}.MapEditor Release|Win32.ActiveCfg = Release|Win32
		{30BD4A50-0FE7-44D0-B189-E53262EDD629}.Release + Soccer|Win32.ActiveCfg = Release|Win32
		{30BD4A50-0FE7-44D0-B189-E53262EDD629}.Release + Soccer|Win32.Build.0 = Release|Win32
		{30BD4A50-0FE7-44D0-B189-E53262EDD629}.Release|Win32.ActiveCfg = Release|Win32
		{30BD4A50-0FE7-44D0-B189-E53262EDD629}.Release|Win32.Build.0 = Release|Win32
		{30BD4A50-0FE7-44D0-B189-E53262EDD629}.RMTest Debug|Win32.ActiveCfg = Debug|Win32
		{30BD4A50-0FE7-44D0-B189-E53262EDD629}.RMTest|Win32.ActiveCfg = Release|Win32
		{30BD4A50-0FE7-44D0-B189-E53262EDD629}.ScriptInterpreter Debug|Win32.ActiveCfg = Debug|Win32
		{30BD4A50-0FE7-44D0-B189-E53262EDD629}.ScriptInterpreter Release|Win32.ActiveCfg = Debug|Win32
		{30BD4A50-0FE7-44D0-B189-E53262EDD629}.TerrainGenerator Debug|Win32.ActiveCfg = Debug|Win32
		{30BD4A50-0FE7-44D0-B189-E53262EDD629}.TerrainGenerator Release|Win32.ActiveCfg = Debug|Win32
		{69E5F059-9ABC-4856-A7BA-66DBCB3C94BB}.BBModeler Debug|Win32.ActiveCfg = Debug|Win32
		{69E5F059-9ABC-4856-A7BA-66DBCB3C94BB}.BBModeler Release|Win32.ActiveCfg = Debug|Win32
		{69E5F059-9ABC-4856-A7BA-66DBCB3C94BB}.Debug + Soccer|Win32.ActiveCfg = Debug|Win32
		{69E5F059-9ABC-4856-A7BA-66DBCB3C94BB}.Debug + Soccer|Win32.Build.0 = Debug|Win32
		{69E5F059-9ABC-4856-A7BA-66DBCB3C94BB}.Debug|Win32.ActiveCfg = Debug|Win32
		{69E5F059-9ABC-4856-A7BA-66DBCB3C94BB}.Debug|Win32.Build.0 = Debug|Win32
		{69E5F059-9ABC-4856-A7BA-66DBCB3C94BB}.GraphicTest Debug|Win32.ActiveCfg = Debug|Win32
		{69E5F059-9ABC-4856-A7BA-66DBCB3C94BB}.GraphicTest Debug|Win32.Build.0 = Debug|Win32
		{69E5F059-9ABC-4856-A7BA-66DBCB3C94BB}.GraphicTest Release|Win32.ActiveCfg = Release|Win32
		{69E5F059-9ABC-4856-A7BA-66DBCB3C94BB}.GraphicTest Release|Win32.Build.0 = Release|Win32
		{69E5F059-9ABC-4856-A7BA-66DBCB3C94BB}.LODGenerator Debug|Win32.ActiveCfg = Debug|Win32
		{69E5F059-9ABC-4856-A7BA-66DBCB3C94BB}.LODGenerator Release|Win32.ActiveCfg = Debug|Win32
		{69E5F059-9ABC-4856-A7BA-66DBCB3C94BB}.Main Debug|Win32.ActiveCfg = Debug|Win32
		{69E5F059-9ABC-4856-A7BA-66DBCB3C94BB}.Main Debug|Win32.Build.0 = Debug|Win32
		{69E5F059-9ABC-4856-A7BA-66DBCB3C94BB}.Main Release|Win32.ActiveCfg = Release|Win32
		{69E5F059-9ABC-4856-A7BA-66DBCB3C94BB}.Main Release|Win32.Build.0 = Release|Win32
		{69E5F059-9ABC-4856-A7BA-66DBCB3C94BB}.MapEditor Debug|Win32.ActiveCfg = Debug|Win32
		{69E5F059-9ABC-4856-A7BA-66DBCB3C94BB}.MapEditor Debug|Win32.Build.0 = Debug|Win32
		{69E5F059-9ABC-4856-A7BA-66DBCB3C94BB}.MapEditor Release|Win32.ActiveCfg = Release|Win32
		{69E5F059-9ABC-4856-A7BA-66DBCB3C94BB}.MapEditor Release|Win32.Build.0 = Release|Win32
		{69E5F059-9ABC-4856-A7BA-66DBCB3C94BB}.Release + Soccer|Win32.ActiveCfg = Release|Win32
		{69E5F059-9ABC-4856-A7BA-66DBCB3C94BB}.Release + Soccer|Win32.Build.0 = Release|Win32
		{69E5F059-9ABC-4856-A7BA-66DBCB3C94BB}.Release|Win32.ActiveCfg = Release|Win32
		{69E5F059-9ABC-4856-A7BA-66DBCB3C94BB}.Release|Win32.Build.0 = Release|Win32
		{69E5F059-9ABC-4856-A7BA-66DBCB3C94BB}.RMTest Debug|Win32.ActiveCfg = Debug|Win32
		{69E5F059-9ABC-4856-A7BA-66DBCB3C94BB}.RMTest|Win32.ActiveCfg = Release|Win32
		{69E5F059-9ABC-4856-A7BA-66DBCB3C94BB}.ScriptInterpreter Debug|Win32.ActiveCfg = Debug|Win32
		{69E5F059-9ABC-4856-A7BA-66DBCB3C94BB}.ScriptInterpreter Release|Win32.ActiveCfg = Debug|Win32
		{69E5F059-9ABC-4856-A7BA-66DBCB3C94BB}.TerrainGenerator Debug|Win32.ActiveCfg = Debug|Win32
		{69E5F059-9ABC-4856-A7BA-66DBCB3C94BB}.TerrainGenerator Release|Win32.ActiveCfg = Debug|Win32
		{BB37DC6E-39E6-45B0-B53C-8FC17A216729}.BBModeler Debug|Win32.ActiveCfg = Debug|Win32
		{BB37DC6E-39E6-45B0-B53C-8FC17A216729}.BBModeler Release|Win32.ActiveCfg = Debug|Win32
		{BB37DC6E-39E6-45B0-B53C-8FC17A216729}.Debug + Soccer|Win32.ActiveCfg = Debug|Win32
		{BB37DC6E-39E6-45B0-B53C-8FC17A216729}.Debug + Soccer|Win32.Build.0 = Debug|Win32
		{BB37DC6E-39E6-45B0-B53C-8FC17A216729}.Debug|Win32.ActiveCfg = Debug|Win32
		{BB37DC6E-39E6-45B0-B53C-8FC17A216729}.Debug|Win32.Build.0 = Debug|Win32
		{BB37DC6E-39E6-45B0-B53C-8FC17A216729}.GraphicTest Debug|Win32.ActiveCfg = Debug|Win32
		{BB37DC6E-39E6-45B0-B53C-8FC17A216729}.GraphicTest Release|Win32.ActiveCfg = Debug|Win32
		{BB37DC6E-39E6-45B0-B53C-8FC17A216729}.LODGenerator Debug|Win32.ActiveCfg = Debug|Win32
		{BB37DC6E-39E6-45B0-B53C-8FC17A216729}.LODGenerator Release|Win32.ActiveCfg = Debug|Win32
		{BB37DC6E-39E6-45B0-B53C-8FC17A216729}.Main Debug|Win32.ActiveCfg = Debug|Win32
		{BB37DC6E-39E6-45B0-B53C-8FC17A216729}.Main Debug|Win32.Build.0 = Debug|Win32
		{BB37DC6E-39E6-45B0-B53C-8FC17A216729}.Main Release|Win32.ActiveCfg = Release|Win32
		{BB37DC6E-39E6-45B0-B53C-8FC17A216729}.Main Release|Win32.Build.0 = Release|Win32
		{BB37DC6E-39E6-45B0-B53C-8FC17A216729}.MapEditor Debug|Win32.ActiveCfg = Debug|Win32
		{BB37DC6E-39E6-45B0-B53C-8FC17A216729}.MapEditor Release|Win32.ActiveCfg = Release|Win32
		{BB37DC6E-39E6-45B0-B53C-8FC17A216729}.Release + Soccer|Win32.ActiveCfg = Release|Win32
		{BB37DC6E-39E6-45B0-B53C-8FC17A216729}.Release + Soccer|Win32.Build.0 = Release|Win32
		{BB37DC6E-39E6-45B0-B53C-8FC17A216729}.Release|Win32.ActiveCfg = Release|Win32
		{BB37DC6E-39E6-45B0-B53C-8FC17A216729}.Release|Win32.Build.0 = Release|Win32
		{BB37DC6E-39E6-45B0-B53C-8FC17A216729}.RMTest Debug|Win32.ActiveCfg = Debug|Win32
		{BB37DC6E-39E6-45B0-B53C-8FC17A216729}.RMTest|Win32.ActiveCfg = Release|Win32
		{BB37DC6E-39E6-45B0-B53C-8FC17A216729}.ScriptInterpreter Debug|Win32.ActiveCfg = Debug|Win32
		{BB37DC6E-39E6-45B0-B53C-8FC17A216729}.ScriptInterpreter Release|Win32.ActiveCfg = Debug|Win32
		{BB37DC6E-39E6-45B0-B53C-8FC17A216729}.TerrainGenerator Debug|Win32.ActiveCfg = Debug|Win32
		{BB37DC6E-39E6-45B0-B53C-8FC17A216729}.TerrainGenerator Release|Win32.ActiveCfg = Debug|Win32
		{0C4AC522-22A4-4CAD-8948-7D30A5C9DB8B}.BBModeler Debug|Win32.ActiveCfg = Debug|Win32
		{0C4AC522-22A4-4CAD-8948-7D30A5C9DB8B}.BBModeler Debug|Win32.Build.0 = Debug|Win32
		{0C4AC522-22A4-4CAD-8948-7D30A5C9DB8B}.BBModeler Release|Win32.ActiveCfg = Debug|Win32
		{0C4AC522-22A4-4CAD-8948-7D30A5C9DB8B}.BBModeler Release|Win32.Build.0 = Debug|Win32
		{0C4AC522-22A4-4CAD-8948-7D30A5C9DB8B}.Debug + Soccer|Win32.ActiveCfg = Debug|Win32
		{0C4AC522-22A4-4CAD-8948-7D30A5C9DB8B}.Debug + Soccer|Win32.Build.0 = Debug|Win32
		{0C4AC522-22A4-4CAD-8948-7D30A5C9DB8B}.Debug|Win32.ActiveCfg = Debug|Win32
		{0C4AC522-22A4-4CAD-8948-7D30A5C9DB8B}.Debug|Win32.Build.0 = Debug|Win32
		{0C4AC522-22A4-4CAD-8948-7D30A5C9DB8B}.GraphicTest Debug|Win32.ActiveCfg = Debug|Win32
		{0C4AC522-22A4-4CAD-8948-7D30A5C9DB8B}.GraphicTest Debug|Win32.Build.0 = Debug|Win32
		{0C4AC522-22A4-4CAD-8948-7D30A5C9DB8B}.GraphicTest Release|Win32.ActiveCfg = Release|Win32
		{0C4AC522-22A4-4CAD-8948-7D30A5C9DB8B}.GraphicTest Release|Win32.Build.0 = Release|Win32
		{0C4AC522-22A4-4CAD-8948-7D30A5C9DB8B}.LODGenerator Debug|Win32.ActiveCfg = Release|Win32
		{0C4AC522-22A4-4CAD-8948-7D30A5C9DB8B}.LODGenerator Debug|Win32.Build.0 = Release|Win32
		{0C4AC522-22A4-4CAD-8948-7D30A5C9DB8B}.LODGenerator Release|Win32.ActiveCfg = Debug|Win32
		{0C4AC522-22A4-4CAD-8948-7D30A5C9DB8B}.LODGenerator Release|Win32.Build.0 = Debug|Win32
		{0C4AC522-22A4-4CAD-8948-7D30A5C9DB8B}.Main Debug|Win32.ActiveCfg = Debug|Win32
		{0C4AC522-22A4-4CAD-8948-7D30A5C9DB8B}.Main Debug|Win32.Build.0 = Debug|Win32
		{0C4AC522-22A4-4CAD-8948-7D30A5C9DB8B}.Main Release|Win32.ActiveCfg = Release|Win32
		{0C4AC522-22A4-4CAD-8948-7D30A5C9DB8B}.Main Release|Win32.Build.0 = Release|Win32
		{0C4AC522-22A4-4CAD-8948-7D30A5C9DB8B}.MapEditor Debug|Win32.ActiveCfg = Debug|Win32
		{0C4AC522-22A4-4CAD-8948-7D30A5C9DB8B}.MapEditor Debug|Win32.Build.0 = Debug|Win32
		{0C4AC522-22A4-4CAD-8948-7D30A5C9DB8B}.MapEditor Release|Win32.ActiveCfg = Release|Win32
		{0C4AC522-22A4-4CAD-8948-7D30A5C9DB8B}.MapEditor Release|Win32.Build.0 = Release|Win32
		{0C4AC522-22A4-4CAD-8948-7D30A5C9DB8B}.Release + Soccer|Win32.ActiveCfg = Release|Win32
		{0C4AC522-22A4-4CAD-8948-7D30A5C9DB8B}.Release + Soccer|Win32.Build.0 = Release|Win32
		{0C4AC522-22A4-4CAD-8948-7D30A5C9DB8B}.Release|Win32.ActiveCfg = Release|Win32
		{0C4AC522-22A4-4CAD-8948-7D30A5C9DB8B}.Release|Win32.Build.0 = Release|Win32
		{0C4AC522-22A4-4CAD-8948-7D30A5C9DB8B}.RMTest Debug|Win32.ActiveCfg = Debug|Win32
		{0C4AC522-22A4-4CAD-8948-7D30A5C9DB8B}.RMTest Debug|Win32.Build.0 = Debug|Win32
		{0C4AC522-22A4-4CAD-8948-7D30A5C9DB8B}.RMTest|Win32.ActiveCfg = Release|Win32
		{0C4AC522-22A4-4CAD-8948-7D30A5C9DB8B}.RMTest|Win32.Build.0 = Release|Win32
		{0C4AC522-22A4-4CAD-8948-7D30A5C9DB8B}.ScriptInterpreter Debug|Win32.ActiveCfg = Debug|Win32
		{0C4AC522-22A4-4CAD-8948-7D30A5C9DB8B}.ScriptInterpreter Debug|Win32.Build.0 = Debug|Win32
		{0C4AC522-22A4-4CAD-8948-7D30A5C9DB8B}.ScriptInterpreter Release|Win32.ActiveCfg = Debug|Win32
		{0C4AC522-22A4-4CAD-8948-7D30A5C9DB8B}.ScriptInterpreter Release|Win32.Build.0 = Debug|Win32
		{0C4AC522-22A4-4CAD-8948-7D30A5C9DB8B}.TerrainGenerator Debug|Win32.ActiveCfg = Debug|Win32
		{0C4AC522-22A4-4CAD-8948-7D30A5C9DB8B}.TerrainGenerator Debug|Win32.Build.0 = Debug|Win32
		{0C4AC522-22A4-4CAD-8948-7D30A5C9DB8B}.TerrainGenerator Release|Win32.ActiveCfg = Debug|Win32
		{0C4AC522-22A4-4CAD-8948-7D30A5C9DB8B}.TerrainGenerator Release|Win32.Build.0 = Debug|Win32
		{35EE7E6C-DAEF-43B3-88D3-8554209D136F}.BBModeler Debug|Win32.ActiveCfg = Debug|Win32
		{35EE7E6C-DAEF-43B3-88D3-8554209D136F}.BBModeler Release|Win32.ActiveCfg = Debug|Win32
		{35EE7E6C-DAEF-43B3-88D3-8554209D136F}.Debug + Soccer|Win32.ActiveCfg = Debug|Win32
		{35EE7E6C-DAEF-43B3-88D3-8554209D136F}.Debug|Win32.ActiveCfg = Debug|Win32
		{35EE7E6C-DAEF-43B3-88D3-8554209D136F}.GraphicTest Debug|Win32.ActiveCfg = Debug|Win32
		{35EE7E6C-DAEF-43B3-88D3-8554209D136F}.GraphicTest Debug|Win32.Build.0 = Debug|Win32
		{35EE7E6C-DAEF-43B3-88D3-8554209D136F}.GraphicTest Release|Win32.ActiveCfg = Release|Win32
		{35EE7E6C-DAEF-43B3-88D3-8554209D136F}.GraphicTest Release|Win32.Build.0 = Release|Win32
		{35EE7E6C-DAEF-43B3-88D3-8554209D136F}.LODGenerator Debug|Win32.ActiveCfg = Debug|Win32
		{35EE7E6C-DAEF-43B3-88D3-8554209D136F}.LODGenerator Release|Win32.ActiveCfg = Debug|Win32
		{35EE7E6C-DAEF-43B3-88D3-8554209D136F}.Main Debug|Win32.ActiveCfg = Debug|Win32
		{35EE7E6C-DAEF-43B3-88D3-8554209D136F}.Main Release|Win32.ActiveCfg = Release|Win32
		{35EE7E6C-DAEF-43B3-88D3-8554209D136F}.MapEditor Debug|Win32.ActiveCfg = Debug|Win32
		{35EE7E6C-DAEF-43B3-88D3-8554209D136F}.MapEditor Release|Win32.ActiveCfg = Release|Win32
		{35EE7E6C-DAEF-43B3-88D3-8554209D136F}.Release + Soccer|Win32.ActiveCfg = Release|Win32
		{35EE7E6C-DAEF-43B3-88D3-8554209D136F}.Release|Win32.ActiveCfg = Release|Win32
		{35EE7E6C-DAEF-43B3-88D3-8554209D136F}.RMTest Debug|Win32.ActiveCfg = Debug|Win32
		{35EE7E6C-DAEF-43B3-88D3-8554209D136F}.RMTest|Win32.ActiveCfg = Release|Win32
		{35EE7E6C-DAEF-43B3-88D3-8554209D136F}.ScriptInterpreter Debug|Win32.ActiveCfg = Debug|Win32
		{35EE7E6C-DAEF-43B3-88D3-8554209D136F}.ScriptInterpreter Release|Win32.ActiveCfg = Debug|Win32
		{35EE7E6C-DAEF-43B3-88D3-8554209D136F}.TerrainGenerator Debug|Win32.ActiveCfg = Debug|Win32
		{35EE7E6C-DAEF-43B3-88D3-8554209D136F}.TerrainGenerator Release|Win32.ActiveCfg = Debug|Win32
		{B2046599-2EC1-43A8-A56C-C15762694107}.BBModeler Debug|Win32.ActiveCfg = Debug|Win32
		{B2046599-2EC1-43A8-A56C-C15762694107}.BBModeler Release|Win32.ActiveCfg = Debug|Win32
		{B2046599-2EC1-43A8-A56C-C15762694107}.Debug + Soccer|Win32.ActiveCfg = Debug|Win32
		{B2046599-2EC1-43A8-A56C-C15762694107}.Debug + Soccer|Win32.Build.0 = Debug|Win32
		{B2046599-2EC1-43A8-A56C-C15762694107}.Debug|Win32.ActiveCfg = Debug|Win32
		{B2046599-2EC1-43A8-A56C-C15762694107}.Debug|Win32.Build.0 = Debug|Win32
		{B2046599-2EC1-43A8-A56C-C15762694107}.GraphicTest Debug|Win32.ActiveCfg = Debug|Win32
		{B2046599-2EC1-43A8-A56C-C15762694107}.GraphicTest Debug|Win32.Build.0 = Debug|Win32
		{B2046599-2EC1-43A8-A56C-C15762694107}.GraphicTest Release|Win32.ActiveCfg = Release|Win32
		{B2046599-2EC1-43A8-A56C-C15762694107}.GraphicTest Release|Win32.Build.0 = Release|Win32
		{B2046599-2EC1-43A8-A56C-C15762694107}.LODGenerator Debug|Win32.ActiveCfg = Debug|Win32
		{B2046599-2EC1-43A8-A56C-C15762694107}.LODGenerator Release|Win32.ActiveCfg = Debug|Win32
		{B2046599-2EC1-43A8-A56C-C15762694107}.Main Debug|Win32.ActiveCfg = Debug|Win32
		{B2046599-2EC1-43A8-A56C-C15762694107}.Main Debug|Win32.Build.0 = Debug|Win32
		{B2046599-2EC1-43A8-A56C-C15762694107}.Main Release|Win32.ActiveCfg = Release|Win32
		{B2046599-2EC1-43A8-A56C-C15762694107}.Main Release|Win32.Build.0 = Release|Win32
		{B2046599-2EC1-43A8-A56C-C15762694107}.MapEditor Debug|Win32.ActiveCfg = Debug|Win32
		{B2046599-2EC1-43A8-A56C-C15762694107}.MapEditor Release|Win32.ActiveCfg = Release|Win32
		{B2046599-2EC1-43A8-A56C-C15762694107}.Release + Soccer|Win32.ActiveCfg = Release|Win32
		{B2046599-2EC1-43A8-A56C-C15762694107}.Release + Soccer|Win32.Build.0 = Release|Win32
		{B2046599-2EC1-43A8-A56C-C15762694107}.Release|Win32.ActiveCfg = Release|Win32
		{B2046599-2EC1-43A8-A56C-C15762694107}.Release|Win32.Build.0 = Release|Win32
		{B2046599-2EC1-43A8-A56C-C15762694107}.RMTest Debug|Win32.ActiveCfg = Debug|Win32
		{B2046599-2EC1-43A8-A56C-C15762694107}.RMTest|Win32.ActiveCfg = Release|Win32
		{B2046599-2EC1-43A8-A56C-C15762694107}.ScriptInterpreter Debug|Win32.ActiveCfg = Debug|Win32
		{B2046599-2EC1-43A8-A56C-C15762694107}.ScriptInterpreter Release|Win32.ActiveCfg = Debug|Win32
		{B2046599-2EC1-43A8-A56C-C15762694107}.TerrainGenerator Debug|Win32.ActiveCfg = Debug|Win32
		{B2046599-2EC1-43A8-A56C-C15762694107}.TerrainGenerator Release|Win32.ActiveCfg = Debug|Win32
		{A0694897-C251-4164-8850-E469AFD8CFD0}.BBModeler Debug|Win32.ActiveCfg = Debug|Win32
		{A0694897-C251-4164-8850-E469AFD8CFD0}.BBModeler Debug|Win32.Build.0 = Debug|Win32
		{A0694897-C251-4164-8850-E469AFD8CFD0}.BBModeler Release|Win32.ActiveCfg = Debug|Win32
		{A0694897-C251-4164-8850-E469AFD8CFD0}.BBModeler Release|Win32.Build.0 = Debug|Win32
		{A0694897-C251-4164-8850-E469AFD8CFD0}.Debug + Soccer|Win32.ActiveCfg = Debug|Win32
		{A0694897-C251-4164-8850-E469AFD8CFD0}.Debug + Soccer|Win32.Build.0 = Debug|Win32
		{A0694897-C251-4164-8850-E469AFD8CFD0}.Debug|Win32.ActiveCfg = Debug|Win32
		{A0694897-C251-4164-8850-E469AFD8CFD0}.Debug|Win32.Build.0 = Debug|Win32
		{A0694897-C251-4164-8850-E469AFD8CFD0}.GraphicTest Debug|Win32.ActiveCfg = Debug|Win32
		{A0694897-C251-4164-8850-E469AFD8CFD0}.GraphicTest Debug|Win32.Build.0 = Debug|Win32
		{A0694897-C251-4164-8850-E469AFD8CFD0}.GraphicTest Release|Win32.ActiveCfg = Release|Win32
		{A0694897-C251-4164-8850-E469AFD8CFD0}.GraphicTest Release|Win32.Build.0 = Release|Win32
		{A0694897-C251-4164-8850-E469AFD8CFD0}.LODGenerator Debug|Win32.ActiveCfg = Debug|Win32
		{A0694897-C251-4164-8850-E469AFD8CFD0}.LODGenerator Release|Win32.ActiveCfg = Debug|Win32
		{A0694897-C251-4164-8850-E469AFD8CFD0}.Main Debug|Win32.ActiveCfg = Debug|Win32
		{A0694897-C251-4164-8850-E469AFD8CFD0}.Main Debug|Win32.Build.0 = Debug|Win32
		{A0694897-C251-4164-8850-E469AFD8CFD0}.Main Release|Win32.ActiveCfg = Release|Win32
		{A0694897-C251-4164-8850-E469AFD8CFD0}.Main Release|Win32.Build.0 = Release|Win32
		{A0694897-C251-4164-8850-E469AFD8CFD0}.MapEditor Debug|Win32.ActiveCfg = Debug|Win32
		{A0694897-C251-4164-8850-E469AFD8CFD0}.MapEditor Release|Win32.ActiveCfg = Release|Win32
		{A0694897-C251-4164-8850-E469AFD8CFD0}.Release + Soccer|Win32.ActiveCfg = Release|Win32
		{A0694897-C251-4164-8850-E469AFD8CFD0}.Release + Soccer|Win32.Build.0 = Release|Win32
		{A0694897-C251-4164-8850-E469AFD8CFD0}.Release|Win32.ActiveCfg = Release|Win32
		{A0694897-C251-4164-8850-E469AFD8CFD0}.Release|Win32.Build.0 = Release|Win32
		{A0694897-C251-4164-8850-E469AFD8CFD0}.RMTest Debug|Win32.ActiveCfg = Debug|Win32
		{A0694897-C251-4164-8850-E469AFD8CFD0}.RMTest|Win32.ActiveCfg = Release|Win32
		{A0694897-C251-4164-8850-E469AFD8CFD0}.ScriptInterpreter Debug|Win32.ActiveCfg = Debug|Win32
		{A0694897-C251-4164-8850-E469AFD8CFD0}.ScriptInterpreter Release|Win32.ActiveCfg = Debug|Win32
		{A0694897-C251-4164-8850-E469AFD8CFD0}.TerrainGenerator Debug|Win32.ActiveCfg = Debug|Win32
		{A0694897-C251-4164-8850-E469AFD8CFD0}.TerrainGenerator Release|Win32.ActiveCfg = Debug|Win32
		{6934361A-11CF-4E57-98DB-69A72B58D92C}.BBModeler Debug|Win32.ActiveCfg = Debug|Win32
		{6934361A-11CF-4E57-98DB-69A72B58D92C}.BBModeler Release|Win32.ActiveCfg = Debug|Win32
		{6934361A-11CF-4E57-98DB-69A72B58D92C}.Debug + Soccer|Win32.ActiveCfg = Debug|Win32
		{6934361A-11CF-4E57-98DB-69A72B58D92C}.Debug|Win32.ActiveCfg = Debug|Win32
		{6934361A-11CF-4E57-98DB-69A72B58D92C}.Debug|Win32.Build.0 = Debug|Win32
		{6934361A-11CF-4E57-98DB-69A72B58D92C}.GraphicTest Debug|Win32.ActiveCfg = Debug|Win32
		{6934361A-11CF-4E57-98DB-69A72B58D92C}.GraphicTest Release|Win32.ActiveCfg = Debug|Win32
		{6934361A-11CF-4E57-98DB-69A72B58D92C}.LODGenerator Debug|Win32.ActiveCfg = Debug|Win32
		{6934361A-11CF-4E57-98DB-69A72B58D92C}.LODGenerator Release|Win32.ActiveCfg = Debug|Win32
		{6934361A-11CF-4E57-98DB-69A72B58D92C}.Main Debug|Win32.ActiveCfg = Debug|Win32
		{6934361A-11CF-4E57-98DB-69A72B58D92C}.Main Release|Win32.ActiveCfg = Release|Win32
		{6934361A-11CF-4E57-98DB-69A72B58D92C}.MapEditor Debug|Win32.ActiveCfg = Debug|Win32
		{6934361A-11CF-4E57-98DB-69A72B58D92C}.MapEditor Release|Win32.ActiveCfg = Release|Win32
		{6934361A-11CF-4E57-98DB-69A72B58D92C}.Release + Soccer|Win32.ActiveCfg = Release|Win32
		{6934361A-11CF-4E57-98DB-69A72B58D92C}.Release|Win32.ActiveCfg = Release|Win32
		{6934361A-11CF-4E57-98DB-69A72B58D92C}.Release|Win32.Build.0 = Release|Win32
		{6934361A-11CF-4E57-98DB-69A72B58D92C}.RMTest Debug|Win32.ActiveCfg = Debug|Win32
		{6934361A-11CF-4E57-98DB-69A72B58D92C}.RMTest|Win32.ActiveCfg = Release|Win32
		{6934361A-11CF-4E57-98DB-69A72B58D92C}.ScriptInterpreter Debug|Win32.ActiveCfg = Debug|Win32
		{6934361A-11CF-4E57-98DB-69A72B58D92C}.ScriptInterpreter Release|Win32.ActiveCfg = Debug|Win32
		{6934361A-11CF-4E57-98DB-69A72B58D92C}.TerrainGenerator Debug|Win32.ActiveCfg = Debug|Win32
		{6934361A-11CF-4E57-98DB-69A72B58D92C}.TerrainGenerator Debug|Win32.Build.0 = Debug|Win32
		{6934361A-11CF-4E57-98DB-69A72B58D92C}.TerrainGenerator Release|Win32.ActiveCfg = Debug|Win32
		{6934361A-11CF-4E57-98DB-69A72B58D92C}.TerrainGenerator Release|Win32.Build.0 = Debug|Win32
		{245CE56D-6CCA-4EF8-B00E-57E4A0BEDCF4}.BBModeler Debug|Win32.ActiveCfg = Debug|Win32
		{245CE56D-6CCA-4EF8-B00E-57E4A0BEDCF4}.BBModeler Debug|Win32.Build.0 = Debug|Win32
		{245CE56D-6CCA-4EF8-B00E-57E4A0BEDCF4}.BBModeler Release|Win32.ActiveCfg = Debug|Win32
		{245CE56D-6CCA-4EF8-B00E-57E4A0BEDCF4}.BBModeler Release|Win32.Build.0 = Debug|Win32
		{245CE56D-6CCA-4EF8-B00E-57E4A0BEDCF4}.Debug + Soccer|Win32.ActiveCfg = Debug|Win32
		{245CE56D-6CCA-4EF8-B00E-57E4A0BEDCF4}.Debug + Soccer|Win32.Build.0 = Debug|Win32
		{245CE56D-6CCA-4EF8-B00E-57E4A0BEDCF4}.Debug|Win32.ActiveCfg = Debug|Win32
		{245CE56D-6CCA-4EF8-B00E-57E4A0BEDCF4}.Debug|Win32.Build.0 = Debug|Win32
		{245CE56D-6CCA-4EF8-B00E-57E4A0BEDCF4}.GraphicTest Debug|Win32.ActiveCfg = Debug|Win32
		{245CE56D-6CCA-4EF8-B00E-57E4A0BEDCF4}.GraphicTest Debug|Win32.Build.0 = Debug|Win32
		{245CE56D-6CCA-4EF8-B00E-57E4A0BEDCF4}.GraphicTest Release|Win32.ActiveCfg = Release|Win32
		{245CE56D-6CCA-4EF8-B00E-57E4A0BEDCF4}.GraphicTest Release|Win32.Build.0 = Release|Win32
		{245CE56D-6CCA-4EF8-B00E-57E4A0BEDCF4}.LODGenerator Debug|Win32.ActiveCfg = Debug|Win32
		{245CE56D-6CCA-4EF8-B00E-57E4A0BEDCF4}.LODGenerator Release|Win32.ActiveCfg = Debug|Win32
		{245CE56D-6CCA-4EF8-B00E-57E4A0BEDCF4}.Main Debug|Win32.ActiveCfg = Debug|Win32
		{245CE56D-6CCA-4EF8-B00E-57E4A0BEDCF4}.Main Debug|Win32.Build.0 = Debug|Win32
		{245CE56D-6CCA-4EF8-B00E-57E4A0BEDCF4}.Main Release|Win32.ActiveCfg = Release|Win32
		{245CE56D-6CCA-4EF8-B00E-57E4A0BEDCF4}.Main Release|Win32.Build.0 = Release|Win32
		{245CE56D-6CCA-4EF8-B00E-57E4A0BEDCF4}.MapEditor Debug|Win32.ActiveCfg = Debug|Win32
		{245CE56D-6CCA-4EF8-B00E-57E4A0BEDCF4}.MapEditor Release|Win32.ActiveCfg = Release|Win32
		{245CE56D-6CCA-4EF8-B00E-57E4A0BEDCF4}.Release + Soccer|Win32.ActiveCfg = Release|Win32
		{245CE56D-6CCA-4EF8-B00E-57E4A0BEDCF4}.Release + Soccer|Win32.Build.0 = Release|Win32
		{245CE56D-6CCA-4EF8-B00E-57E4A0BEDCF4}.Release|Win32.ActiveCfg = Release|Win32
		{245CE56D-6CCA-4EF8-B00E-57E4A0BEDCF4}.Release|Win32.Build.0 = Release|Win32
		{245CE56D-6CCA-4EF8-B00E-57E4A0BEDCF4}.RMTest Debug|Win32.ActiveCfg = Debug|Win32
		{245CE56D-6CCA-4EF8-B00E-57E4A0BEDCF4}.RMTest|Win32.ActiveCfg = Release|Win32
		{245CE56D-6CCA-4EF8-B00E-57E4A0BEDCF4}.ScriptInterpreter Debug|Win32.ActiveCfg = Debug|Win32
		{245CE56D-6CCA-4EF8-B00E-57E4A0BEDCF4}.ScriptInterpreter Debug|Win32.Build.0 = Debug|Win32
		{245CE56D-6CCA-4EF8-B00E-57E4A0BEDCF4}.ScriptInterpreter Release|Win32.ActiveCfg = Debug|Win32
		{245CE56D-6CCA-4EF8-B00E-57E4A0BEDCF4}.ScriptInterpreter Release|Win32.Build.0 = Debug|Win32
		{245CE56D-6CCA-4EF8-B00E-57E4A0BEDCF4}.TerrainGenerator Debug|Win32.ActiveCfg = Debug|Win32
		{245CE56D-6CCA-4EF8-B00E-57E4A0BEDCF4}.TerrainGenerator Debug|Win32.Build.0 = Debug|Win32
		{245CE56D-6CCA-4EF8-B00E-57E4A0BEDCF4}.TerrainGenerator Release|Win32.ActiveCfg = Debug|Win32
		{245CE56D-6CCA-4EF8-B00E-57E4A0BEDCF4}.TerrainGenerator Release|Win32.Build.0 = Debug|Win32
		{BAA2ADC4-1909-4F83-B34B-5B4B8D97D246}.BBModeler Debug|Win32.ActiveCfg = Debug|Win32
		{BAA2ADC4-1909-4F83-B34B-5B4B8D97D246}.BBModeler Release|Win32.ActiveCfg = Debug|Win32
		{BAA2ADC4-1909-4F83-B34B-5B4B8D97D246}.Debug + Soccer|Win32.ActiveCfg = Debug|Win32
		{BAA2ADC4-1909-4F83-B34B-5B4B8D97D246}.Debug|Win32.ActiveCfg = Debug|Win32
		{BAA2ADC4-1909-4F83-B34B-5B4B8D97D246}.GraphicTest Debug|Win32.ActiveCfg = Debug|Win32
		{BAA2ADC4-1909-4F83-B34B-5B4B8D97D246}.GraphicTest Release|Win32.ActiveCfg = Debug|Win32
		{BAA2ADC4-1909-4F83-B34B-5B4B8D97D246}.LODGenerator Debug|Win32.ActiveCfg = Release|Win32
		{BAA2ADC4-1909-4F83-B34B-5B4B8D97D246}.LODGenerator Debug|Win32.Build.0 = Release|Win32
		{BAA2ADC4-1909-4F83-B34B-5B4B8D97D246}.LODGenerator Release|Win32.ActiveCfg = Debug|Win32
		{BAA2ADC4-1909-4F83-B34B-5B4B8D97D246}.LODGenerator Release|Win32.Build.0 = Debug|Win32
		{BAA2ADC4-1909-4F83-B34B-5B4B8D97D246}.Main Debug|Win32.ActiveCfg = Debug|Win32
		{BAA2ADC4-1909-4F83-B34B-5B4B8D97D246}.Main Release|Win32.ActiveCfg = Release|Win32
		{BAA2ADC4-1909-4F83-B34B-5B4B8D97D246}.MapEditor Debug|Win32.ActiveCfg = Debug|Win32
		{BAA2ADC4-1909-4F83-B34B-5B4B8D97D246}.MapEditor Release|Win32.ActiveCfg = Release|Win32
		{BAA2ADC4-1909-4F83-B34B-5B4B8D97D246}.Release + Soccer|Win32.ActiveCfg = Release|Win32
		{BAA2ADC4-1909-4F83-B34B-5B4B8D97D246}.Release|Win32.ActiveCfg = Release|Win32
		{BAA2ADC4-1909-4F83-B34B-5B4B8D97D246}.RMTest Debug|Win32.ActiveCfg = Debug|Win32
		{BAA2ADC4-1909-4F83-B34B-5B4B8D97D246}.RMTest|Win32.ActiveCfg = Release|Win32
		{BAA2ADC4-1909-4F83-B34B-5B4B8D97D246}.ScriptInterpreter Debug|Win32.ActiveCfg = Debug|Win32
		{BAA2ADC4-1909-4F83-B34B-5B4B8D97D246}.ScriptInterpreter Release|Win32.ActiveCfg = Debug|Win32
		{BAA2ADC4-1909-4F83-B34B-5B4B8D97D246}.TerrainGenerator Debug|Win32.ActiveCfg = Debug|Win32
		{BAA2ADC4-1909-4F83-B34B-5B4B8D97D246}.TerrainGenerator Release|Win32.ActiveCfg = Debug|Win32
		{2E31EC57-694E-4FA6-B999-39692AF4A6FB}.BBModeler Debug|Win32.ActiveCfg = Debug|Win32
		{2E31EC57-694E-4FA6-B999-39692AF4A6FB}.BBModeler Release|Win32.ActiveCfg = Debug|Win32
		{2E31EC57-694E-4FA6-B999-39692AF4A6FB}.Debug + Soccer|Win32.ActiveCfg = Debug|Win32
		{2E31EC57-694E-4FA6-B999-39692AF4A6FB}.Debug|Win32.ActiveCfg = Debug|Win32
		{2E31EC57-694E-4FA6-B999-39692AF4A6FB}.Debug|Win32.Build.0 = Debug|Win32
		{2E31EC57-694E-4FA6-B999-39692AF4A6FB}.GraphicTest Debug|Win32.ActiveCfg = Debug|Win32
		{2E31EC57-694E-4FA6-B999-39692AF4A6FB}.GraphicTest Release|Win32.ActiveCfg = Debug|Win32
		{2E31EC57-694E-4FA6-B999-39692AF4A6FB}.LODGenerator Debug|Win32.ActiveCfg = Debug|Win32
		{2E31EC57-694E-4FA6-B999-39692AF4A6FB}.LODGenerator Release|Win32.ActiveCfg = Debug|Win32
		{2E31EC57-694E-4FA6-B999-39692AF4A6FB}.Main Debug|Win32.ActiveCfg = Debug|Win32
		{2E31EC57-694E-4FA6-B999-39692AF4A6FB}.Main Release|Win32.ActiveCfg = Release|Win32
		{2E31EC57-694E-4FA6-B999-39692AF4A6FB}.MapEditor Debug|Win32.ActiveCfg = Debug|Win32
		{2E31EC57-694E-4FA6-B999-39692AF4A6FB}.MapEditor Debug|Win32.Build.0 = Debug|Win32
		{2E31EC57-694E-4FA6-B999-39692AF4A6FB}.MapEditor Release|Win32.ActiveCfg = Release|Win32
		{2E31EC57-694E-4FA6-B999-39692AF4A6FB}.MapEditor Release|Win32.Build.0 = Release|Win32
		{2E31EC57-694E-4FA6-B999-39692AF4A6FB}.Release + Soccer|Win32.ActiveCfg = Release|Win32
		{2E31EC57-694E-4FA6-B999-39692AF4A6FB}.Release|Win32.ActiveCfg = Release|Win32
		{2E31EC57-694E-4FA6-B999-39692AF4A6FB}.Release|Win32.Build.0 = Release|Win32
		{2E31EC57-694E-4FA6-B999-39692AF4A6FB}.RMTest Debug|Win32.ActiveCfg = Debug|Win32
		{2E31EC57-694E-4FA6-B999-39692AF4A6FB}.RMTest|Win32.ActiveCfg = Release|Win32
		{2E31EC57-694E-4FA6-B999-39692AF4A6FB}.ScriptInterpreter Debug|Win32.ActiveCfg = Debug|Win32
		{2E31EC57-694E-4FA6-B999-39692AF4A6FB}.ScriptInterpreter Release|Win32.ActiveCfg = Debug|Win32
		{2E31EC57-694E-4FA6-B999-39692AF4A6FB}.TerrainGenerator Debug|Win32.ActiveCfg = Debug|Win32
		{2E31EC57-694E-4FA6-B999-39692AF4A6FB}.TerrainGenerator Release|Win32.ActiveCfg = Debug|Win32
		{50518964-9DB5-4E3F-9A79-5F323988ED9F}.BBModeler Debug|Win32.ActiveCfg = Debug|Win32
		{50518964-9DB5-4E3F-9A79-5F323988ED9F}.BBModeler Debug|Win32.Build.0 = Debug|Win32
		{50518964-9DB5-4E3F-9A79-5F323988ED9F}.BBModeler Release|Win32.ActiveCfg = Debug|Win32
		{50518964-9DB5-4E3F-9A79-5F323988ED9F}.BBModeler Release|Win32.Build.0 = Debug|Win32
		{50518964-9DB5-4E3F-9A79-5F323988ED9F}.Debug + Soccer|Win32.ActiveCfg = Debug|Win32
		{50518964-9DB5-4E3F-9A79-5F323988ED9F}.Debug|Win32.ActiveCfg = Debug|Win32
		{50518964-9DB5-4E3F-9A79-5F323988ED9F}.GraphicTest Debug|Win32.ActiveCfg = Debug|Win32
		{50518964-9DB5-4E3F-9A79-5F323988ED9F}.GraphicTest Debug|Win32.Build.0 = Debug|Win32
		{50518964-9DB5-4E3F-9A79-5F323988ED9F}.GraphicTest Release|Win32.ActiveCfg = Release|Win32
		{50518964-9DB5-4E3F-9A79-5F323988ED9F}.GraphicTest Release|Win32.Build.0 = Release|Win32
		{50518964-9DB5-4E3F-9A79-5F323988ED9F}.LODGenerator Debug|Win32.ActiveCfg = Release|Win32
		{50518964-9DB5-4E3F-9A79-5F323988ED9F}.LODGenerator Debug|Win32.Build.0 = Release|Win32
		{50518964-9DB5-4E3F-9A79-5F323988ED9F}.LODGenerator Release|Win32.ActiveCfg = Debug|Win32
		{50518964-9DB5-4E3F-9A79-5F323988ED9F}.LODGenerator Release|Win32.Build.0 = Debug|Win32
		{50518964-9DB5-4E3F-9A79-5F323988ED9F}.Main Debug|Win32.ActiveCfg = Debug|Win32
		{50518964-9DB5-4E3F-9A79-5F323988ED9F}.Main Release|Win32.ActiveCfg = Release|Win32
		{50518964-9DB5-4E3F-9A79-5F323988ED9F}.MapEditor Debug|Win32.ActiveCfg = Debug|Win32
		{50518964-9DB5-4E3F-9A79-5F323988ED9F}.MapEditor Release|Win32.ActiveCfg = Release|Win32
		{50518964-9DB5-4E3F-9A79-5F323988ED9F}.Release + Soccer|Win32.ActiveCfg = Release|Win32
		{50518964-9DB5-4E3F-9A79-5F323988ED9F}.Release|Win32.ActiveCfg = Release|Win32
		{50518964-9DB5-4E3F-9A79-5F323988ED9F}.RMTest Debug|Win32.ActiveCfg = Debug|Win32
		{50518964-9DB5-4E3F-9A79-5F323988ED9F}.RMTest|Win32.ActiveCfg = Release|Win32
		{50518964-9DB5-4E3F-9A79-5F323988ED9F}.ScriptInterpreter Debug|Win32.ActiveCfg = Debug|Win32
		{50518964-9DB5-4E3F-9A79-5F323988ED9F}.ScriptInterpreter Release|Win32.ActiveCfg = Debug|Win32
		{50518964-9DB5-4E3F-9A79-5F323988ED9F}.TerrainGenerator Debug|Win32.ActiveCfg = Debug|Win32
		{50518964-9DB5-4E3F-9A79-5F323988ED9F}.TerrainGenerator Release|Win32.ActiveCfg = Debug|Win32
		{DCD894A4-6946-4FD8-8314-89F5F587E7E3}.BBModeler Debug|Win32.ActiveCfg = Debug|Win32
		{DCD894A4-6946-4FD8-8314-89F5F587E7E3}.BBModeler Debug|Win32.Build.0 = Debug|Win32
		{DCD894A4-6946-4FD8-8314-89F5F587E7E3}.BBModeler Release|Win32.ActiveCfg = Debug|Win32
		{DCD894A4-6946-4FD8-8314-89F5F587E7E3}.BBModeler Release|Win32.Build.0 = Debug|Win32
		{DCD894A4-6946-4FD8-8314-89F5F587E7E3}.Debug + Soccer|Win32.ActiveCfg = Debug|Win32
		{DCD894A4-6946-4FD8-8314-89F5F587E7E3}.Debug|Win32.ActiveCfg = Debug|Win32
		{DCD894A4-6946-4FD8-8314-89F5F587E7E3}.GraphicTest Debug|Win32.ActiveCfg = Debug|Win32
		{DCD894A4-6946-4FD8-8314-89F5F587E7E3}.GraphicTest Release|Win32.ActiveCfg = Debug|Win32
		{DCD894A4-6946-4FD8-8314-89F5F587E7E3}.LODGenerator Debug|Win32.ActiveCfg = Debug|Win32
		{DCD894A4-6946-4FD8-8314-89F5F587E7E3}.LODGenerator Release|Win32.ActiveCfg = Debug|Win32
		{DCD894A4-6946-4FD8-8314-89F5F587E7E3}.Main Debug|Win32.ActiveCfg = Debug|Win32
		{DCD894A4-6946-4FD8-8314-89F5F587E7E3}.Main Release|Win32.ActiveCfg = Release|Win32
		{DCD894A4-6946-4FD8-8314-89F5F587E7E3}.MapEditor Debug|Win32.ActiveCfg = Debug|Win32
		{DCD894A4-6946-4FD8-8314-89F5F587E7E3}.MapEditor Release|Win32.ActiveCfg = Release|Win32
		{DCD894A4-6946-4FD8-8314-89F5F587E7E3}.Release + Soccer|Win32.ActiveCfg = Release|Win32
		{DCD894A4-6946-4FD8-8314-89F5F587E7E3}.Release|Win32.ActiveCfg = Release|Win32
		{DCD894A4-6946-4FD8-8314-89F5F587E7E3}.RMTest Debug|Win32.ActiveCfg = Debug|Win32
		{DCD894A4-6946-4FD8-8314-89F5F587E7E3}.RMTest|Win32.ActiveCfg = Release|Win32
		{DCD894A4-6946-4FD8-8314-89F5F587E7E3}.ScriptInterpreter Debug|Win32.ActiveCfg = Debug|Win32
		{DCD894A4-6946-4FD8-8314-89F5F587E7E3}.ScriptInterpreter Release|Win32.ActiveCfg = Debug|Win32
		{DCD894A4-6946-4FD8-8314-89F5F587E7E3}.TerrainGenerator Debug|Win32.ActiveCfg = Debug|Win32
		{DCD894A4-6946-4FD8-8314-89F5F587E7E3}.TerrainGenerator Release|Win32.ActiveCfg = Debug|Win32
		{955B89E5-F075-4CA6-9E6F-CA28E2B62D08}.BBModeler Debug|Win32.ActiveCfg = Debug|Win32
		{955B89E5-F075-4CA6-9E6F-CA28E2B62D08}.BBModeler Debug|Win32.Build.0 = Debug|Win32
		{955B89E5-F075-4CA6-9E6F-CA28E2B62D08}.BBModeler Release|Win32.ActiveCfg = Debug|Win32
		{955B89E5-F075-4CA6-9E6F-CA28E2B62D08}.BBModeler Release|Win32.Build.0 = Debug|Win32
		{955B89E5-F075-4CA6-9E6F-CA28E2B62D08}.Debug + Soccer|Win32.ActiveCfg = Debug|Win32
		{955B89E5-F075-4CA6-9E6F-CA28E2B62D08}.Debug|Win32.ActiveCfg = Debug|Win32
		{955B89E5-F075-4CA6-9E6F-CA28E2B62D08}.GraphicTest Debug|Win32.ActiveCfg = Debug|Win32
		{955B89E5-F075-4CA6-9E6F-CA28E2B62D08}.GraphicTest Release|Win32.ActiveCfg = Debug|Win32
		{955B89E5-F075-4CA6-9E6F-CA28E2B62D08}.LODGenerator Debug|Win32.ActiveCfg = Debug|Win32
		{955B89E5-F075-4CA6-9E6F-CA28E2B62D08}.LODGenerator Release|Win32.ActiveCfg = Debug|Win32
		{955B89E5-F075-4CA6-9E6F-CA28E2B62D08}.Main Debug|Win32.ActiveCfg = Debug|Win32
		{955B89E5-F075-4CA6-9E6F-CA28E2B62D08}.Main Release|Win32.ActiveCfg = Release|Win32
		{955B89E5-F075-4CA6-9E6F-CA28E2B62D08}.MapEditor Debug|Win32.ActiveCfg = Debug|Win32
		{955B89E5-F075-4CA6-9E6F-CA28E2B62D08}.MapEditor Release|Win32.ActiveCfg = Release|Win32
		{955B89E5-F075-4CA6-9E6F-CA28E2B62D08}.Release + Soccer|Win32.ActiveCfg = Release|Win32
		{955B89E5-F075-4CA6-9E6F-CA28E2B62D08}.Release|Win32.ActiveCfg = Release|Win32
		{955B89E5-F075-4CA6-9E6F-CA28E2B62D08}.RMTest Debug|Win32.ActiveCfg = Debug|Win32
		{955B89E5-F075-4CA6-9E6F-CA28E2B62D08}.RMTest|Win32.ActiveCfg = Release|Win32
		{955B89E5-F075-4CA6-9E6F-CA28E2B62D08}.ScriptInterpreter Debug|Win32.ActiveCfg = Debug|Win32
		{955B89E5-F075-4CA6-9E6F-CA28E2B62D08}.ScriptInterpreter Release|Win32.ActiveCfg = Debug|Win32
		{955B89E5-F075-4CA6-9E6F-CA28E2B62D08}.TerrainGenerator Debug|Win32.ActiveCfg = Debug|Win32
		{955B89E5-F075-4CA6-9E6F-CA28E2B62D08}.TerrainGenerator Release|Win32.ActiveCfg = Debug|Win32
		{74EDF325-5F7C-459E-8B36-AAF985D206A2}.BBModeler Debug|Win32.ActiveCfg = Debug|Win32
		{74EDF325-5F7C-459E-8B36-AAF985D206A2}.BBModeler Debug|Win32.Build.0 = Debug|Win32
		{74EDF325-5F7C-459E-8B36-AAF985D206A2}.BBModeler Release|Win32.ActiveCfg = Debug|Win32
		{74EDF325-5F7C-459E-8B36-AAF985D206A2}.BBModeler Release|Win32.Build.0 = Debug|Win32
		{74EDF325-5F7C-459E-8B36-AAF985D206A2}.Debug + Soccer|Win32.ActiveCfg = Debug|Win32
		{74EDF325-5F7C-459E-8B36-AAF985D206A2}.Debug|Win32.ActiveCfg = Debug|Win32
		{74EDF325-5F7C-459E-8B36-AAF985D206A2}.GraphicTest Debug|Win32.ActiveCfg = Debug|Win32
		{74EDF325-5F7C-459E-8B36-AAF985D206A2}.GraphicTest Release|Win32.ActiveCfg = Debug|Win32
		{74EDF325-5F7C-459E-8B36-AAF985D206A2}.LODGenerator Debug|Win32.ActiveCfg = Debug|Win32
		{74EDF325-5F7C-459E-8B36-AAF985D206A2}.LODGenerator Release|Win32.ActiveCfg = Debug|Win32
		{74EDF325-5F7C-459E-8B36-AAF985D206A2}.Main Debug|Win32.ActiveCfg = Debug|Win32
		{74EDF325-5F7C-459E-8B36-AAF985D206A2}.Main Release|Win32.ActiveCfg = Release|Win32
		{74EDF325-5F7C-459E-8B36-AAF985D206A2}.MapEditor Debug|Win32.ActiveCfg = Debug|Win32
		{74EDF325-5F7C-459E-8B36-AAF985D206A2}.MapEditor Release|Win32.ActiveCfg = Release|Win32
		{74EDF325-5F7C-459E-8B36-AAF985D206A2}.Release + Soccer|Win32.ActiveCfg = Release|Win32
		{74EDF325-5F7C-459E-8B36-AAF985D206A2}.Release|Win32.ActiveCfg = Release|Win32
		{74EDF325-5F7C-459E-8B36-AAF985D206A2}.RMTest Debug|Win32.ActiveCfg = Debug|Win32
		{74EDF325-5F7C-459E-8B36-AAF985D206A2}.RMTest Debug|Win32.Build.0 = Debug|Win32
		{74EDF325-5F7C-459E-8B36-AAF985D206A2}.RMTest|Win32.ActiveCfg = Release|Win32
		{74EDF325-5F7C-459E-8B36-AAF985D206A2}.RMTest|Win32.Build.0 = Release|Win32
		{74EDF325-5F7C-459E-8B36-AAF985D206A2}.ScriptInterpreter Debug|Win32.ActiveCfg = Debug|Win32
		{74EDF325-5F7C-459E-8B36-AAF985D206A2}.ScriptInterpreter Release|Win32.ActiveCfg = Debug|Win32
		{74EDF325-5F7C-459E-8B36-AAF985D206A2}.TerrainGenerator Debug|Win32.ActiveCfg = Debug|Win32
		{74EDF325-5F7C-459E-8B36-AAF985D206A2}.TerrainGenerator Release|Win32.ActiveCfg = Debug|Win32
		{22EAED85-C84F-4E9D-91B4-A0C21BC409C5}.BBModeler Debug|Win32.ActiveCfg = Debug|Win32
		{22EAED85-C84F-4E9D-91B4-A0C21BC409C5}.BBModeler Debug|Win32.Build.0 = Debug|Win32
		{22EAED85-C84F-4E9D-91B4-A0C21BC409C5}.BBModeler Release|Win32.ActiveCfg = Debug|Win32
		{22EAED85-C84F-4E9D-91B4-A0C21BC409C5}.Debug + Soccer|Win32.ActiveCfg = Debug|Win32
		{22EAED85-C84F-4E9D-91B4-A0C21BC409C5}.Debug + Soccer|Win32.Build.0 = Debug|Win32
		{22EAED85-C84F-4E9D-91B4-A0C21BC409C5}.Debug|Win32.ActiveCfg = Debug|Win32
		{22EAED85-C84F-4E9D-91B4-A0C21BC409C5}.Debug|Win32.Build.0 = Debug|Win32
		{22EAED85-C84F-4E9D-91B4-A0C21BC409C5}.GraphicTest Debug|Win32.ActiveCfg = Debug|Win32
		{22EAED85-C84F-4E9D-91B4-A0C21BC409C5}.GraphicTest Release|Win32.ActiveCfg = Debug|Win32
		{22EAED85-C84F-4E9D-91B4-A0C21BC409C5}.LODGenerator Debug|Win32.ActiveCfg = Debug|Win32
		{22EAED85-C84F-4E9D-91B4-A0C21BC409C5}.LODGenerator Release|Win32.ActiveCfg = Debug|Win32
		{22EAED85-C84F-4E9D-91B4-A0C21BC409C5}.Main Debug|Win32.ActiveCfg = Debug|Win32
		{22EAED85-C84F-4E9D-91B4-A0C21BC409C5}.Main Debug|Win32.Build.0 = Debug|Win32
		{22EAED85-C84F-4E9D-91B4-A0C21BC409C5}.Main Release|Win32.ActiveCfg = Release|Win32
		{22EAED85-C84F-4E9D-91B4-A0C21BC409C5}.Main Release|Win32.Build.0 = Release|Win32
		{22EAED85-C84F-4E9D-91B4-A0C21BC409C5}.MapEditor Debug|Win32.ActiveCfg = Debug|Win32
		{22EAED85-C84F-4E9D-91B4-A0C21BC409C5}.MapEditor Release|Win32.ActiveCfg = Release|Win32
		{22EAED85-C84F-4E9D-91B4-A0C21BC409C5}.Release + Soccer|Win32.ActiveCfg = Release|Win32
		{22EAED85-C84F-4E9D-91B4-A0C21BC409C5}.Release + Soccer|Win32.Build.0 = Release|Win32
		{22EAED85-C84F-4E9D-91B4-A0C21BC409C5}.Release|Win32.ActiveCfg = Release|Win32
		{22EAED85-C84F-4E9D-91B4-A0C21BC409C5}.Release|Win32.Build.0 = Release|Win32
		{22EAED85-C84F-4E9D-91B4-A0C21BC409C5}.RMTest Debug|Win32.ActiveCfg = Debug|Win32
		{22EAED85-C84F-4E9D-91B4-A0C21BC409C5}.RMTest|Win32.ActiveCfg = Release|Win32
		{22EAED85-C84F-4E9D-91B4-A0C21BC409C5}.ScriptInterpreter Debug|Win32.ActiveCfg = Debug|Win32
		{22EAED85-C84F-4E9D-91B4-A0C21BC409C5}.ScriptInterpreter Release|Win32.ActiveCfg = Debug|Win32
		{22EAED85-C84F-4E9D-91B4-A0C21BC409C5}.TerrainGenerator Debug|Win32.ActiveCfg = Debug|Win32
		{22EAED85-C84F-4E9D-91B4-A0C21BC409C5}.TerrainGenerator Release|Win32.ActiveCfg = Debug|Win32
		{6DDF179F-6BA5-4876-A862-2913D2166293}.BBModeler Debug|Win32.ActiveCfg = Debug
		{6DDF179F-6BA5-4876-A862-2913D2166293}.BBModeler Release|Win32.ActiveCfg = Release
		{6DDF179F-6BA5-4876-A862-2913D2166293}.Debug + Soccer|Win32.ActiveCfg = Debug
		{6DDF179F-6BA5-4876-A862-2913D2166293}.Debug|Win32.ActiveCfg = Debug
		{6DDF179F-6BA5-4876-A862-2913D2166293}.Debug|Win32.Build.0 = Debug
		{6DDF179F-6BA5-4876-A862-2913D2166293}.GraphicTest Debug|Win32.ActiveCfg = Debug
		{6DDF179F-6BA5-4876-A862-2913D2166293}.GraphicTest Release|Win32.ActiveCfg = Release
		{6DDF179F-6BA5-4876-A862-2913D2166293}.LODGenerator Debug|Win32.ActiveCfg = Debug
		{6DDF179F-6BA5-4876-A862-2913D2166293}.LODGenerator Release|Win32.ActiveCfg = Release
		{6DDF179F-6BA5-4876-A862-2913D2166293}.Main Debug|Win32.ActiveCfg = Debug
		{6DDF179F-6BA5-4876-A862-2913D2166293}.Main Release|Win32.ActiveCfg = Release
		{6DDF179F-6BA5-4876-A862-2913D2166293}.MapEditor Debug|Win32.ActiveCfg = Debug
		{6DDF179F-6BA5-4876-A862-2913D2166293}.MapEditor Release|Win32.ActiveCfg = Release
		{6DDF179F-6BA5-4876-A862-2913D2166293}.Release + Soccer|Win32.ActiveCfg = Release
		{6DDF179F-6BA5-4876-A862-2913D2166293}.Release|Win32.ActiveCfg = Release
		{6DDF179F-6BA5-4876-A862-2913D2166293}.Release|Win32.Build.0 = Release
		{6DDF179F-6BA5-4876-A862-2913D2166293}.RMTest Debug|Win32.ActiveCfg = Debug
		{6DDF179F-6BA5-4876-A862-2913D2166293}.RMTest|Win32.ActiveCfg = Release
		{6DDF179F-6BA5-4876-A862-2913D2166293}.ScriptInterpreter Debug|Win32.ActiveCfg = Debug
		{6DDF179F-6BA5-4876-A862-2913D2166293}.ScriptInterpreter Release|Win32.ActiveCfg = Release
		{6DDF179F-6BA5-4876-A862-2913D2166293}.TerrainGenerator Debug|Win32.ActiveCfg = Debug
		{6DDF179F-6BA5-4876-A862-2913D2166293}.TerrainGenerator Release|Win32.ActiveCfg = Release
		{89F98BB1-6942-4ADF-A501-0C730D4CBFD9}.BBModeler Debug|Win32.ActiveCfg = Debug|Win32
		{89F98BB1-6942-4ADF-A501-0C730D4CBFD9}.BBModeler Release|Win32.ActiveCfg = Release|Win32
		{89F98BB1-6942-4ADF-A501-0C730D4CBFD9}.Debug + Soccer|Win32.ActiveCfg = Debug|Win32
		{89F98BB1-6942-4ADF-A501-0C730D4CBFD9}.Debug + Soccer|Win32.Build.0 = Debug|Win32
		{89F98BB1-6942-4ADF-A501-0C730D4CBFD9}.Debug|Win32.ActiveCfg = Debug|Win32
		{89F98BB1-6942-4ADF-A501-0C730D4CBFD9}.Debug|Win32.Build.0 = Debug|Win32
		{89F98BB1-6942-4ADF-A501-0C730D4CBFD9}.GraphicTest Debug|Win32.ActiveCfg = Debug|Win32
		{89F98BB1-6942-4ADF-A501-0C730D4CBFD9}.GraphicTest Release|Win32.ActiveCfg = Release|Win32
		{89F98BB1-6942-4ADF-A501-0C730D4CBFD9}.LODGenerator Debug|Win32.ActiveCfg = Debug|Win32
		{89F98BB1-6942-4ADF-A501-0C730D4CBFD9}.LODGenerator Release|Win32.ActiveCfg = Release|Win32
		{89F98BB1-6942-4ADF-A501-0C730D4CBFD9}.Main Debug|Win32.ActiveCfg = Debug|Win32
		{89F98BB1-6942-4ADF-A501-0C730D4CBFD9}.Main Debug|Win32.Build.0 = Debug|Win32
		{89F98BB1-6942-4ADF-A501-0C730D4CBFD9}.Main Release|Win32.ActiveCfg = Release|Win32
		{89F98BB1-6942-4ADF-A501-0C730D4CBFD9}.Main Release|Win32.Build.0 = Release|Win32
		{89F98BB1-6942-4ADF-A501-0C730D4CBFD9}.MapEditor Debug|Win32.ActiveCfg = Debug|Win32
		{89F98BB1-6942-4ADF-A501-0C730D4CBFD9}.MapEditor Debug|Win32.Build.0 = Debug|Win32
		{89F98BB1-6942-4ADF-A501-0C730D4CBFD9}.MapEditor Release|Win32.ActiveCfg = Release|Win32
		{89F98BB1-6942-4ADF-A501-0C730D4CBFD9}.MapEditor Release|Win32.Build.0 = Release|Win32
		{89F98BB1-6942-4ADF-A501-0C730D4CBFD9}.Release + Soccer|Win32.ActiveCfg = Release|Win32
		{89F98BB1-6942-4ADF-A501-0C730D4CBFD9}.Release + Soccer|Win32.Build.0 = Release|Win32
		{89F98BB1-6942-4ADF-A501-0C730D4CBFD9}.Release|Win32.ActiveCfg = Release|Win32
		{89F98BB1-6942-4ADF-A501-0C730D4CBFD9}.Release|Win32.Build.0 = Release|Win32
		{89F98BB1-6942-4ADF-A501-0C730D4CBFD9}.RMTest Debug|Win32.ActiveCfg = Debug|Win32
		{89F98BB1-6942-4ADF-A501-0C730D4CBFD9}.RMTest|Win32.ActiveCfg = Release|Win32
		{89F98BB1-6942-4ADF-A501-0C730D4CBFD9}.ScriptInterpreter Debug|Win32.ActiveCfg = Debug|Win32
		{89F98BB1-6942-4ADF-A501-0C730D4CBFD9}.ScriptInterpreter Release|Win32.ActiveCfg = Release|Win32
		{89F98BB1-6942-4ADF-A501-0C730D4CBFD9}.TerrainGenerator Debug|Win32.ActiveCfg = Debug|Win32
		{89F98BB1-6942-4ADF-A501-0C730D4CBFD9}.TerrainGenerator Release|Win32.ActiveCfg = Release|Win32
		{2A0850C5-213C-458D-95B6-42015F3817E9}.BBModeler Debug|Win32.ActiveCfg = Debug|Win32
		{2A0850C5-213C-458D-95B6-42015F3817E9}.BBModeler Release|Win32.ActiveCfg = Release|Win32
		{2A0850C5-213C-458D-95B6-42015F3817E9}.Debug + Soccer|Win32.ActiveCfg = Debug|Win32
		{2A0850C5-213C-458D-95B6-42015F3817E9}.Debug + Soccer|Win32.Build.0 = Debug|Win32
		{2A0850C5-213C-458D-95B6-42015F3817E9}.Debug|Win32.ActiveCfg = Debug|Win32
		{2A0850C5-213C-458D-95B6-42015F3817E9}.Debug|Win32.Build.0 = Debug|Win32
		{2A0850C5-213C-458D-95B6-42015F3817E9}.GraphicTest Debug|Win32.ActiveCfg = Debug|Win32
		{2A0850C5-213C-458D-95B6-42015F3817E9}.GraphicTest Release|Win32.ActiveCfg = Release|Win32
		{2A0850C5-213C-458D-95B6-42015F3817E9}.LODGenerator Debug|Win32.ActiveCfg = Debug|Win32
		{2A0850C5-213C-458D-95B6-42015F3817E9}.LODGenerator Release|Win32.ActiveCfg = Release|Win32
		{2A0850C5-213C-458D-95B6-42015F3817E9}.Main Debug|Win32.ActiveCfg = Debug|Win32
		{2A0850C5-213C-458D-95B6-42015F3817E9}.Main Debug|Win32.Build.0 = Debug|Win32
		{2A0850C5-213C-458D-95B6-42015F3817E9}.Main Release|Win32.ActiveCfg = Release|Win32
		{2A0850C5-213C-458D-95B6-42015F3817E9}.Main Release|Win32.Build.0 = Release|Win32
		{2A0850C5-213C-458D-95B6-42015F3817E9}.MapEditor Debug|Win32.ActiveCfg = Debug|Win32
		{2A0850C5-213C-458D-95B6-42015F3817E9}.MapEditor Debug|Win32.Build.0 = Debug|Win32
		{2A0850C5-213C-458D-95B6-42015F3817E9}.MapEditor Release|Win32.ActiveCfg = Release|Win32
		{2A0850C5-213C-458D-95B6-42015F3817E9}.MapEditor Release|Win32.Build.0 = Release|Win32
		{2A0850C5-213C-458D-95B6-42015F3817E9}.Release + Soccer|Win32.ActiveCfg = Release|Win32
		{2A0850C5-213C-458D-95B6-42015F3817E9}.Release + Soccer|Win32.Build.0 = Release|Win32
		{2A0850C5-213C-458D-95B6-42015F3817E9}.Release|Win32.ActiveCfg = Release|Win32
		{2A0850C5-213C-458D-95B6-42015F3817E9}.Release|Win32.Build.0 = Release|Win32
		{2A0850C5-213C-458D-95B6-42015F3817E9}.RMTest Debug|Win32.ActiveCfg = Debug|Win32
		{2A0850C5-213C-458D-95B6-42015F3817E9}.RMTest|Win32.ActiveCfg = Release|Win32
		{2A0850C5-213C-458D-95B6-42015F3817E9}.ScriptInterpreter Debug|Win32.ActiveCfg = Debug|Win32
		{2A0850C5-213C-458D-95B6-42015F3817E9}.ScriptInterpreter Release|Win32.ActiveCfg = Release|Win32
		{2A0850C5-213C-458D-95B6-42015F3817E9}.TerrainGenerator Debug|Win32.ActiveCfg = Debug|Win32
		{2A0850C5-213C-458D-95B6-42015F3817E9}.TerrainGenerator Release|Win32.ActiveCfg = Release|Win32
		{8E214746-0DF0-4F03-A995-0000DAB9F83E}.BBModeler Debug|Win32.ActiveCfg = Debug|Win32
		{8E214746-0DF0-4F03-A995-0000DAB9F83E}.BBModeler Debug|Win32.Build.0 = Debug|Win32
		{8E214746-0DF0-4F03-A995-0000DAB9F83E}.BBModeler Release|Win32.ActiveCfg = Release|Win32
		{8E214746-0DF0-4F03-A995-0000DAB9F83E}.BBModeler Release|Win32.Build.0 = Release|Win32
		{8E214746-0DF0-4F03-A995-0000DAB9F83E}.Debug + Soccer|Win32.ActiveCfg = Debug|Win32
		{8E214746-0DF0-4F03-A995-0000DAB9F83E}.Debug + Soccer|Win32.Build.0 = Debug|Win32
		{8E214746-0DF0-4F03-A995-0000DAB9F83E}.Debug|Win32.ActiveCfg = Debug|Win32
		{8E214746-0DF0-4F03-A995-0000DAB9F83E}.Debug|Win32.Build.0 = Debug|Win32
		{8E214746-0DF0-4F03-A995-0000DAB9F83E}.GraphicTest Debug|Win32.ActiveCfg = Debug|Win32
		{8E214746-0DF0-4F03-A995-0000DAB9F83E}.GraphicTest Debug|Win32.Build.0 = Debug|Win32
		{8E214746-0DF0-4F03-A995-0000DAB9F83E}.GraphicTest Release|Win32.ActiveCfg = Release|Win32
		{8E214746-0DF0-4F03-A995-0000DAB9F83E}.GraphicTest Release|Win32.Build.0 = Release|Win32
		{8E214746-0DF0-4F03-A995-0000DAB9F83E}.LODGenerator Debug|Win32.ActiveCfg = Debug|Win32
		{8E214746-0DF0-4F03-A995-0000DAB9F83E}.LODGenerator Debug|Win32.Build.0 = Debug|Win32
		{8E214746-0DF0-4F03-A995-0000DAB9F83E}.LODGenerator Release|Win32.ActiveCfg = Release|Win32
		{8E214746-0DF0-4F03-A995-0000DAB9F83E}.LODGenerator Release|Win32.Build.0 = Release|Win32
		{8E214746-0DF0-4F03-A995-0000DAB9F83E}.Main Debug|Win32.ActiveCfg = Debug|Win32
		{8E214746-0DF0-4F03-A995-0000DAB9F83E}.Main Debug|Win32.Build.0 = Debug|Win32
		{8E214746-0DF0-4F03-A995-0000DAB9F83E}.Main Release|Win32.ActiveCfg = Release|Win32
		{8E214746-0DF0-4F03-A995-0000DAB9F83E}.Main Release|Win32.Build.0 = Release|Win32
		{8E214746-0DF0-4F03-A995-0000DAB9F83E}.MapEditor Debug|Win32.ActiveCfg = Debug|Win32
		{8E214746-0DF0-4F03-A995-0000DAB9F83E}.MapEditor Debug|Win32.Build.0 = Debug|Win32
		{8E214746-0DF0-4F03-A995-0000DAB9F83E}.MapEditor Release|Win32.ActiveCfg = Release|Win32
		{8E214746-0DF0-4F03-A995-0000DAB9F83E}.MapEditor Release|Win32.Build.0 = Release|Win32
		{8E214746-0DF0-4F03-A995-0000DAB9F83E}.Release + Soccer|Win32.ActiveCfg = Release|Win32
		{8E214746-0DF0-4F03-A995-0000DAB9F83E}.Release + Soccer|Win32.Build.0 = Release|Win32
		{8E214746-0DF0-4F03-A995-0000DAB9F83E}.Release|Win32.ActiveCfg = Release|Win32
		{8E214746-0DF0-4F03-A995-0000DAB9F83E}.Release|Win32.Build.0 = Release|Win32
		{8E214746-0DF0-4F03-A995-0000DAB9F83E}.RMTest Debug|Win32.ActiveCfg = Debug|Win32
		{8E214746-0DF0-4F03-A995-0000DAB9F83E}.RMTest Debug|Win32.Build.0 = Debug|Win32
		{8E214746-0DF0-4F03-A995-0000DAB9F83E}.RMTest|Win32.ActiveCfg = Release|Win32
		{8E214746-0DF0-4F03-A995-0000DAB9F83E}.RMTest|Win32.Build.0 = Release|Win32
		{8E214746-0DF0-4F03-A995-0000DAB9F83E}.ScriptInterpreter Debug|Win32.ActiveCfg = Debug|Win32
		{8E214746-0DF0-4F03-A995-0000DAB9F83E}.ScriptInterpreter Debug|Win32.Build.0 = Debug|Win32
		{8E214746-0DF0-4F03-A995-0000DAB9F83E}.ScriptInterpreter Release|Win32.ActiveCfg = Release|Win32
		{8E214746-0DF0-4F03-A995-0000DAB9F83E}.ScriptInterpreter Release|Win32.Build.0 = Release|Win32
		{8E214746-0DF0-4F03-A995-0000DAB9F83E}.TerrainGenerator Debug|Win32.ActiveCfg = Debug|Win32
		{8E214746-0DF0-4F03-A995-0000DAB9F83E}.TerrainGenerator Debug|Win32.Build.0 = Debug|Win32
		{8E214746-0DF0-4F03-A995-0000DAB9F83E}.TerrainGenerator Release|Win32.ActiveCfg = Release|Win32
		{8E214746-0DF0-4F03-A995-0000DAB9F83E}.TerrainGenerator Release|Win32.Build.0 = Release|Win32
		{B97595FB-1C2F-405F-9D06-4C962D180C2B}.BBModeler Debug|Win32.ActiveCfg = Debug|Win32
		{B97595FB-1C2F-405F-9D06-4C962D180C2B}.BBModeler Debug|Win32.Build.0 = Debug|Win32
		{B97595FB-1C2F-405F-9D06-4C962D180C2B}.BBModeler Release|Win32.ActiveCfg = Release|Win32
		{B97595FB-1C2F-405F-9D06-4C962D180C2B}.BBModeler Release|Win32.Build.0 = Release|Win32
		{B97595FB-1C2F-405F-9D06-4C962D180C2B}.Debug + Soccer|Win32.ActiveCfg = Debug|Win32
		{B97595FB-1C2F-405F-9D06-4C962D180C2B}.Debug|Win32.ActiveCfg = Debug|Win32
		{B97595FB-1C2F-405F-9D06-4C962D180C2B}.GraphicTest Debug|Win32.ActiveCfg = Debug|Win32
		{B97595FB-1C2F-405F-9D06-4C962D180C2B}.GraphicTest Debug|Win32.Build.0 = Debug|Win32
		{B97595FB-1C2F-405F-9D06-4C962D180C2B}.GraphicTest Release|Win32.ActiveCfg = Release|Win32
		{B97595FB-1C2F-405F-9D06-4C962D180C2B}.GraphicTest Release|Win32.Build.0 = Release|Win32
		{B97595FB-1C2F-405F-9D06-4C962D180C2B}.LODGenerator Debug|Win32.ActiveCfg = Debug|Win32
		{B97595FB-1C2F-405F-9D06-4C962D180C2B}.LODGenerator Debug|Win32.Build.0 = Debug|Win32
		{B97595FB-1C2F-405F-9D06-4C962D180C2B}.LODGenerator Release|Win32.ActiveCfg = Release|Win32
		{B97595FB-1C2F-405F-9D06-4C962D180C2B}.LODGenerator Release|Win32.Build.0 = Release|Win32
		{B97595FB-1C2F-405F-9D06-4C962D180C2B}.Main Debug|Win32.ActiveCfg = Debug|Win32
		{B97595FB-1C2F-405F-9D06-4C962D180C2B}.Main Release|Win32.ActiveCfg = Release|Win32
		{B97595FB-1C2F-405F-9D06-4C962D180C2B}.MapEditor Debug|Win32.ActiveCfg = Debug|Win32
		{B97595FB-1C2F-405F-9D06-4C962D180C2B}.MapEditor Release|Win32.ActiveCfg = Release|Win32
		{B97595FB-1C2F-405F-9D06-4C962D180C2B}.Release + Soccer|Win32.ActiveCfg = Release|Win32
		{B97595FB-1C2F-405F-9D06-4C962D180C2B}.Release|Win32.ActiveCfg = Release|Win32
		{B97595FB-1C2F-405F-9D06-4C962D180C2B}.RMTest Debug|Win32.ActiveCfg = Debug|Win32
		{B97595FB-1C2F-405F-9D06-4C962D180C2B}.RMTest Debug|Win32.Build.0 = Debug|Win32
		{B97595FB-1C2F-405F-9D06-4C962D180C2B}.RMTest|Win32.ActiveCfg = Release|Win32
		{B97595FB-1C2F-405F-9D06-4C962D180C2B}.RMTest|Win32.Build.0 = Release|Win32
		{B97595FB-1C2F-405F-9D06-4C962D180C2B}.ScriptInterpreter Debug|Win32.ActiveCfg = Debug|Win32
		{B97595FB-1C2F-405F-9D06-4C962D180C2B}.ScriptInterpreter Debug|Win32.Build.0 = Debug|Win32
		{B97595FB-1C2F-405F-9D06-4C962D180C2B}.ScriptInterpreter Release|Win32.ActiveCfg = Release|Win32
		{B97595FB-1C2F-405F-9D06-4C962D180C2B}.ScriptInterpreter Release|Win32.Build.0 = Release|Win32
		{B97595FB-1C2F-405F-9D06-4C962D180C2B}.TerrainGenerator Debug|Win32.ActiveCfg = Debug|Win32
		{B97595FB-1C2F-405F-9D06-4C962D180C2B}.TerrainGenerator Debug|Win32.Build.0 = Debug|Win32
		{B97595FB-1C2F-405F-9D06-4C962D180C2B}.TerrainGenerator Release|Win32.ActiveCfg = Release|Win32
		{B97595FB-1C2F-405F-9D06-4C962D180C2B}.TerrainGenerator Release|Win32.Build.0 = Release|Win32
		{C7F82DD5-56A4-43A5-82BB-74FCB8D3FBC0}.BBModeler Debug|Win32.ActiveCfg = Debug|Win32
		{C7F82DD5-56A4-43A5-82BB-74FCB8D3FBC0}.BBModeler Debug|Win32.Build.0 = Debug|Win32
		{C7F82DD5-56A4-43A5-82BB-74FCB8D3FBC0}.BBModeler Release|Win32.ActiveCfg = Release|Win32
		{C7F82DD5-56A4-43A5-82BB-74FCB8D3FBC0}.BBModeler Release|Win32.Build.0 = Release|Win32
		{C7F82DD5-56A4-43A5-82BB-74FCB8D3FBC0}.Debug + Soccer|Win32.ActiveCfg = Debug|Win32
		{C7F82DD5-56A4-43A5-82BB-74FCB8D3FBC0}.Debug + Soccer|Win32.Build.0 = Debug|Win32
		{C7F82DD5-56A4-43A5-82BB-74FCB8D3FBC0}.Debug|Win32.ActiveCfg = Debug|Win32
		{C7F82DD5-56A4-43A5-82BB-74FCB8D3FBC0}.Debug|Win32.Build.0 = Debug|Win32
		{C7F82DD5-56A4-43A5-82BB-74FCB8D3FBC0}.GraphicTest Debug|Win32.ActiveCfg = Debug|Win32
		{C7F82DD5-56A4-43A5-82BB-74FCB8D3FBC0}.GraphicTest Debug|Win32.Build.0 = Debug|Win32
		{C7F82DD5-56A4-43A5-82BB-74FCB8D3FBC0}.GraphicTest Release|Win32.ActiveCfg = Release|Win32
		{C7F82DD5-56A4-43A5-82BB-74FCB8D3FBC0}.GraphicTest Release|Win32.Build.0 = Release|Win32
		{C7F82DD5-56A4-43A5-82BB-74FCB8D3FBC0}.LODGenerator Debug|Win32.ActiveCfg = Debug|Win32
		{C7F82DD5-56A4-43A5-82BB-74FCB8D3FBC0}.LODGenerator Debug|Win32.Build.0 = Debug|Win32
		{C7F82DD5-56A4-43A5-82BB-74FCB8D3FBC0}.LODGenerator Release|Win32.ActiveCfg = Release|Win32
		{C7F82DD5-56A4-43A5-82BB-74FCB8D3FBC0}.LODGenerator Release|Win32.Build.0 = Release|Win32
		{C7F82DD5-56A4-43A5-82BB-74FCB8D3FBC0}.Main Debug|Win32.ActiveCfg = Debug|Win32
		{C7F82DD5-56A4-43A5-82BB-74FCB8D3FBC0}.Main Debug|Win32.Build.0 = Debug|Win32
		{C7F82DD5-56A4-43A5-82BB-74FCB8D3FBC0}.Main Release|Win32.ActiveCfg = Release|Win32
		{C7F82DD5-56A4-43A5-82BB-74FCB8D3FBC0}.Main Release|Win32.Build.0 = Release|Win32
		{C7F82DD5-56A4-43A5-82BB-74FCB8D3FBC0}.MapEditor Debug|Win32.ActiveCfg = Debug|Win32
		{C7F82DD5-56A4-43A5-82BB-74FCB8D3FBC0}.MapEditor Release|Win32.ActiveCfg = Release|Win32
		{C7F82DD5-56A4-43A5-82BB-74FCB8D3FBC0}.Release + Soccer|Win32.ActiveCfg = Release|Win32
		{C7F82DD5-56A4-43A5-82BB-74FCB8D3FBC0}.Release + Soccer|Win32.Build.0 = Release|Win32
		{C7F82DD5-56A4-43A5-82BB-74FCB8D3FBC0}.Release|Win32.ActiveCfg = Release|Win32
		{C7F82DD5-56A4-43A5-82BB-74FCB8D3FBC0}.Release|Win32.Build.0 = Release|Win32
		{C7F82DD5-56A4-43A5-82BB-74FCB8D3FBC0}.RMTest Debug|Win32.ActiveCfg = Debug|Win32
		{C7F82DD5-56A4-43A5-82BB-74FCB8D3FBC0}.RMTest Debug|Win32.Build.0 = Debug|Win32
		{C7F82DD5-56A4-43A5-82BB-74FCB8D3FBC0}.RMTest|Win32.ActiveCfg = Release|Win32
		{C7F82DD5-56A4-43A5-82BB-74FCB8D3FBC0}.RMTest|Win32.Build.0 = Release|Win32
		{C7F82DD5-56A4-43A5-82BB-74FCB8D3FBC0}.ScriptInterpreter Debug|Win32.ActiveCfg = Debug|Win32
		{C7F82DD5-56A4-43A5-82BB-74FCB8D3FBC0}.ScriptInterpreter Debug|Win32.Build.0 = Debug|Win32
		{C7F82DD5-56A4-43A5-82BB-74FCB8D3FBC0}.ScriptInterpreter Release|Win32.ActiveCfg = Release|Win32
		{C7F82DD5-56A4-43A5-82BB-74FCB8D3FBC0}.ScriptInterpreter Release|Win32.Build.0 = Release|Win32
		{C7F82DD5-56A4-43A5-82BB-74FCB8D3FBC0}.TerrainGenerator Debug|Win32.ActiveCfg = Debug|Win32
		{C7F82DD5-56A4-43A5-82BB-74FCB8D3FBC0}.TerrainGenerator Debug|Win32.Build.0 = Debug|Win32
		{C7F82DD5-56A4-43A5-82BB-74FCB8D3FBC0}.TerrainGenerator Release|Win32.ActiveCfg = Release|Win32
		{C7F82DD5-56A4-43A5-82BB-74FCB8D3FBC0}.TerrainGenerator Release|Win32.Build.0 = Release|Win32
	EndGlobalSection
	GlobalSection(SolutionProperties) = preSolution
		HideSolutionNode = FALSE
	EndGlobalSection
	GlobalSection(NestedProjects) = preSolution
		{2A0850C5-213C-458D-95B6-42015F3817E9} = {B98C0FDD-35AC-4900-8BC7-88644FD76209}
		{8E214746-0DF0-4F03-A995-0000DAB9F83E} = {B98C0FDD-35AC-4900-8BC7-88644FD76209}
		{B97595FB-1C2F-405F-9D06-4C962D180C2B} = {B98C0FDD-35AC-4900-8BC7-88644FD76209}
	EndGlobalSection
EndGlobal
